
Microsoft Visual Studio Solution File, Format Version 12.00
# Visual Studio Version 16
VisualStudioVersion = 16.0.28803.156
MinimumVisualStudioVersion = 10.0.40219.1
Project("{2150E333-8FDC-42A3-9474-1A3956D46DE8}") = "TengDa", "TengDa", "{574B94A2-ECAB-4CE8-A86F-1C2FE2B1DCC6}"
EndProject
Project("{FAE04EC0-301F-11D3-BF4B-00C04F79EFBC}") = "TengDa", "TengDa\TengDa\TengDa.csproj", "{313161D4-A305-47FB-8935-D7C0A0CF4B3D}"
EndProject
Project("{FAE04EC0-301F-11D3-BF4B-00C04F79EFBC}") = "TengDa.WF", "TengDa\TengDa.WF\TengDa.WF.csproj", "{DFD6CB8D-D1FD-4712-8C4E-C611BBE12D08}"
EndProject
Project("{FAE04EC0-301F-11D3-BF4B-00C04F79EFBC}") = "TengDa.WF.Controls", "TengDa\TengDa.WF.Controls\TengDa.WF.Controls.csproj", "{D420804D-CABE-4221-93F1-E67F7526E331}"
EndProject
Project("{FAE04EC0-301F-11D3-BF4B-00C04F79EFBC}") = "TengDa.Wpf", "TengDa\TengDa.Wpf\TengDa.Wpf.csproj", "{2BC89F9D-8FC7-4E19-9D16-CC66E56E56AE}"
EndProject
Project("{2150E333-8FDC-42A3-9474-1A3956D46DE8}") = "Outstanding", "Outstanding", "{C3386F66-F346-445B-97B9-F99EAB3A49DC}"
EndProject
Project("{FAE04EC0-301F-11D3-BF4B-00C04F79EFBC}") = "Outstanding.Dispatcher", "Outstanding\Outstanding.Dispatcher\Outstanding.Dispatcher.csproj", "{F13C082C-54A5-411C-A3BC-29315D7FD786}"
EndProject
Project("{FAE04EC0-301F-11D3-BF4B-00C04F79EFBC}") = "Outstanding.Dispatcher.App", "Outstanding\Outstanding.Dispatcher.App\Outstanding.Dispatcher.App.csproj", "{DA1FEC99-B530-4BF4-817E-A1C332F9C7B7}"
EndProject
Project("{2150E333-8FDC-42A3-9474-1A3956D46DE8}") = "TengDa.Helper", "TengDa.Helper", "{E42CFF92-DBBE-425F-B5FE-9EBE45028D64}"
EndProject
Project("{FAE04EC0-301F-11D3-BF4B-00C04F79EFBC}") = "TengDa.Helper.Scaner", "TengDa\TengDa.Helper\TengDa.Helper.Scaner\TengDa.Helper.Scaner.csproj", "{2D9C09CF-A6E0-4CC2-93D0-68AE6CA43B0A}"
EndProject
Project("{FAE04EC0-301F-11D3-BF4B-00C04F79EFBC}") = "TengDa.Helper.TcpServer", "TengDa\TengDa.Helper\TengDa.Helper.TcpServer\TengDa.Helper.TcpServer.csproj", "{12F66392-C6BD-483A-8708-2B7C472A04A5}"
EndProject
Project("{2150E333-8FDC-42A3-9474-1A3956D46DE8}") = "Veken", "Veken", "{1B2EB7D9-3EEC-4B4A-BC08-FD4BD0561E5D}"
EndProject
Project("{FAE04EC0-301F-11D3-BF4B-00C04F79EFBC}") = "Veken.Baking", "Veken\Veken.Baking\Veken.Baking.csproj", "{A605A8DF-272C-4989-9BF6-E438FB895D78}"
EndProject
Project("{FAE04EC0-301F-11D3-BF4B-00C04F79EFBC}") = "Veken.Baking.App", "Veken\Veken.Baking.App\Veken.Baking.App.csproj", "{2BB15E13-3B72-4759-93AF-02735582C5F8}"
EndProject
Project("{2150E333-8FDC-42A3-9474-1A3956D46DE8}") = "Zopoise", "Zopoise", "{C663D9E5-CC42-477E-87DD-BCB1D1C7C71F}"
EndProject
Project("{2150E333-8FDC-42A3-9474-1A3956D46DE8}") = "Tafel", "Tafel", "{C0009D2D-D675-4476-AF6C-F59A1E60B366}"
EndProject
Project("{FAE04EC0-301F-11D3-BF4B-00C04F79EFBC}") = "Tafel.MES", "Tafel\Tafel.MES\Tafel.MES.csproj", "{3E119445-C804-46A4-95F7-39DE26793CA3}"
EndProject
Project("{FAE04EC0-301F-11D3-BF4B-00C04F79EFBC}") = "Tafel.ScanSystem", "Tafel\Tafel.ScanSystem\Tafel.ScanSystem.csproj", "{3881CF3E-83BB-426B-897A-4597E9AB92B4}"
EndProject
Project("{FAE04EC0-301F-11D3-BF4B-00C04F79EFBC}") = "Tafel.ScanSystem.App", "Tafel\Tafel.ScanSystem.App\Tafel.ScanSystem.App.csproj", "{D6A6AA33-F0A0-4311-86C2-518FC25C94E7}"
EndProject
Project("{FAE04EC0-301F-11D3-BF4B-00C04F79EFBC}") = "Tafel.Hipot.App", "Tafel\Tafel.Hipot.App\Tafel.Hipot.App.csproj", "{E6D9CC88-0F5D-41EA-87D2-239D94F794ED}"
EndProject
Project("{54435603-DBB4-11D2-8724-00A0C9A8B90C}") = "Tafel.Hipot.App.Installer", "Tafel\Tafel.Hipot.App.Installer\Tafel.Hipot.App.Installer.vdproj", "{8A2102DE-6DD2-477F-ADAE-51FC3BB19C7D}"
EndProject
Project("{2150E333-8FDC-42A3-9474-1A3956D46DE8}") = "TengDa.Test", "TengDa.Test", "{8CA89279-4505-4157-8333-7BA66BE5CD55}"
EndProject
Project("{FAE04EC0-301F-11D3-BF4B-00C04F79EFBC}") = "TestCef", "Test\TestCef\TestCef.csproj", "{BE9918CF-FF36-4DDA-A7D0-AE2FEAE204C8}"
EndProject
Project("{FAE04EC0-301F-11D3-BF4B-00C04F79EFBC}") = "Jtzhang.Helper.TcpServer", "TengDa\TengDa.Helper\Jtzhang.Helper.TcpServer\Jtzhang.Helper.TcpServer.csproj", "{A74D5534-1917-40DB-AEB8-50AC3764E096}"
EndProject
Project("{FAE04EC0-301F-11D3-BF4B-00C04F79EFBC}") = "Outstanding.Dispatcher.Controls", "Outstanding\Outstanding.Dispatcher.Controls\Outstanding.Dispatcher.Controls.csproj", "{28E684DF-1A53-4538-80B4-C1F96CC82D66}"
EndProject
Project("{2150E333-8FDC-42A3-9474-1A3956D46DE8}") = "BakBattery", "BakBattery", "{A5AC246B-1E67-43AB-A0EF-FDD50A04E25B}"
EndProject
Project("{FAE04EC0-301F-11D3-BF4B-00C04F79EFBC}") = "BakBattery.Baking", "BakBattery\BakBattery.Baking\BakBattery.Baking.csproj", "{AF2BDC78-1A2D-438E-8FB2-8383D2DB324E}"
EndProject
Project("{FAE04EC0-301F-11D3-BF4B-00C04F79EFBC}") = "BakBattery.Baking.App", "BakBattery\BakBattery.Baking.App\BakBattery.Baking.App.csproj", "{3CFC38B6-8D03-4BB6-8742-5A3D3CD76F7C}"
EndProject
Project("{FAE04EC0-301F-11D3-BF4B-00C04F79EFBC}") = "BakBattery.Baking.Controls", "BakBattery\BakBattery.Baking.Controls\BakBattery.Baking.Controls.csproj", "{AE976E0B-2434-48BD-B683-1BC4BD019EEF}"
EndProject
Project("{FAE04EC0-301F-11D3-BF4B-00C04F79EFBC}") = "TengDa.Web", "TengDa\TengDa.Web\TengDa.Web.csproj", "{7D900ED1-B54C-405F-ADB2-6C87A7A0EE02}"
EndProject
Project("{FAE04EC0-301F-11D3-BF4B-00C04F79EFBC}") = "WpfTestApp", "Test\WpfTestApp\WpfTestApp.csproj", "{C4CEE69E-DC28-4213-9706-6DD4D5352D37}"
EndProject
Project("{2150E333-8FDC-42A3-9474-1A3956D46DE8}") = "Soundon", "Soundon", "{CB6B3450-EF7E-4612-961C-57977AC25DB7}"
EndProject
Project("{FAE04EC0-301F-11D3-BF4B-00C04F79EFBC}") = "Soundon.Dispatcher", "Soundon\Soundon.Dispatcher\Soundon.Dispatcher.csproj", "{BAD9A0F6-0BE4-448B-B8F8-6AA6DDF7BB83}"
EndProject
Project("{FAE04EC0-301F-11D3-BF4B-00C04F79EFBC}") = "Soundon.Dispatcher.App", "Soundon\Soundon.Dispatcher.App\Soundon.Dispatcher.App.csproj", "{60AE2F10-71AF-40C8-957A-A2D57DA8DA85}"
EndProject
Project("{FAE04EC0-301F-11D3-BF4B-00C04F79EFBC}") = "Soundon.Dispatcher.Controls", "Soundon\Soundon.Dispatcher.Controls\Soundon.Dispatcher.Controls.csproj", "{7D696B55-C534-4557-8F76-DEE1A124B193}"
EndProject
Project("{FAE04EC0-301F-11D3-BF4B-00C04F79EFBC}") = "Zopoise.Scada.Bak", "Zopoise\Zopoise.Scada.Bak\Zopoise.Scada.Bak.csproj", "{C4DE02E5-EAF6-4EFE-A8AD-867C06A580A8}"
EndProject
Project("{FAE04EC0-301F-11D3-BF4B-00C04F79EFBC}") = "Zopoise.Scada.App", "Zopoise\Zopoise.Scada.App\Zopoise.Scada.App.csproj", "{9BFF83FB-8DCA-48C3-932C-C98C432A2C9E}"
EndProject
Project("{FAE04EC0-301F-11D3-BF4B-00C04F79EFBC}") = "Soundon.Mes.Test", "Soundon\Soundon.Mes.Test\Soundon.Mes.Test.csproj", "{0F6BB4BD-40C1-4381-A402-48DE3C11FBE9}"
EndProject
Project("{2150E333-8FDC-42A3-9474-1A3956D46DE8}") = "Anchitech", "Anchitech", "{75B65C56-2CED-4504-97D6-BB5CE85F72C2}"
EndProject
Project("{FAE04EC0-301F-11D3-BF4B-00C04F79EFBC}") = "Anchitech.Baking", "Anchitech\Anchitech.Baking\Anchitech.Baking.csproj", "{F3D4AB0E-21BF-43A3-A989-068975322D65}"
EndProject
Project("{FAE04EC0-301F-11D3-BF4B-00C04F79EFBC}") = "Anchitech.Baking.Controls", "Anchitech\Anchitech.Baking.Controls\Anchitech.Baking.Controls.csproj", "{AAE9A422-C514-44FB-8A78-CF6B2DE5CE04}"
EndProject
Project("{FAE04EC0-301F-11D3-BF4B-00C04F79EFBC}") = "Anchitech.Baking.Dispatcher", "Anchitech\Anchitech.Baking.Dispatcher\Anchitech.Baking.Dispatcher.csproj", "{071ED254-6E2B-4566-A9EF-4C71AFD99173}"
EndProject
Project("{2150E333-8FDC-42A3-9474-1A3956D46DE8}") = "BYD", "BYD", "{0FC6525E-EF3D-49FB-B952-01EAA6ABBC02}"
EndProject
Project("{FAE04EC0-301F-11D3-BF4B-00C04F79EFBC}") = "BYD.Scan", "BYD\BYD.Scan\BYD.Scan.csproj", "{C4E6F31E-2C93-40B4-9919-F9610AB9048E}"
EndProject
Project("{FAE04EC0-301F-11D3-BF4B-00C04F79EFBC}") = "BYD.Scan.Controls", "BYD\BYD.Scan.Controls\BYD.Scan.Controls.csproj", "{CCB49E67-7F01-4304-89BB-3FFC367D4458}"
EndProject
Project("{FAE04EC0-301F-11D3-BF4B-00C04F79EFBC}") = "BYD.Scan.Dispatcher", "BYD\BYD.Scan.Dispatcher\BYD.Scan.Dispatcher.csproj", "{717EB061-E78A-4D3D-BBD3-4548552E83C8}"
EndProject
Project("{2150E333-8FDC-42A3-9474-1A3956D46DE8}") = "CAMEL", "CAMEL", "{586B9323-D7B6-4B89-8AFC-AA14BDD26BE0}"
EndProject
Project("{FAE04EC0-301F-11D3-BF4B-00C04F79EFBC}") = "CAMEL.Baking", "CAMEL\CAMEL.Baking\CAMEL.Baking.csproj", "{F691A17A-5ABE-4DF7-B44F-CDD8A0805CA3}"
EndProject
Project("{FAE04EC0-301F-11D3-BF4B-00C04F79EFBC}") = "CAMEL.Baking.App", "CAMEL\CAMEL.Baking.App\CAMEL.Baking.App.csproj", "{936035C3-49D2-4082-9F5F-AF03B59A745D}"
EndProject
Project("{FAE04EC0-301F-11D3-BF4B-00C04F79EFBC}") = "CAMEL.Baking.Control", "CAMEL\CAMEL.Baking.Control\CAMEL.Baking.Control.csproj", "{BD69467A-FD04-4FFB-BFF7-98EA098BB791}"
EndProject
Project("{FAE04EC0-301F-11D3-BF4B-00C04F79EFBC}") = "CAMEL.RGV.Touchscreen", "CAMEL\CAMEL.RGV.Touchscreen\CAMEL.RGV.Touchscreen.csproj", "{B8622BAD-1EF8-417E-B65D-3A82E1561A5E}"
EndProject
Global
	GlobalSection(SolutionConfigurationPlatforms) = preSolution
		Debug|Any CPU = Debug|Any CPU
		Debug|x64 = Debug|x64
		Debug|x86 = Debug|x86
		Release|Any CPU = Release|Any CPU
		Release|x64 = Release|x64
		Release|x86 = Release|x86
	EndGlobalSection
	GlobalSection(ProjectConfigurationPlatforms) = postSolution
		{313161D4-A305-47FB-8935-D7C0A0CF4B3D}.Debug|Any CPU.ActiveCfg = Debug|Any CPU
		{313161D4-A305-47FB-8935-D7C0A0CF4B3D}.Debug|Any CPU.Build.0 = Debug|Any CPU
		{313161D4-A305-47FB-8935-D7C0A0CF4B3D}.Debug|x64.ActiveCfg = Debug|Any CPU
		{313161D4-A305-47FB-8935-D7C0A0CF4B3D}.Debug|x64.Build.0 = Debug|Any CPU
		{313161D4-A305-47FB-8935-D7C0A0CF4B3D}.Debug|x86.ActiveCfg = Debug|Any CPU
		{313161D4-A305-47FB-8935-D7C0A0CF4B3D}.Debug|x86.Build.0 = Debug|Any CPU
		{313161D4-A305-47FB-8935-D7C0A0CF4B3D}.Release|Any CPU.ActiveCfg = Release|Any CPU
		{313161D4-A305-47FB-8935-D7C0A0CF4B3D}.Release|Any CPU.Build.0 = Release|Any CPU
		{313161D4-A305-47FB-8935-D7C0A0CF4B3D}.Release|x64.ActiveCfg = Release|Any CPU
		{313161D4-A305-47FB-8935-D7C0A0CF4B3D}.Release|x64.Build.0 = Release|Any CPU
		{313161D4-A305-47FB-8935-D7C0A0CF4B3D}.Release|x86.ActiveCfg = Release|Any CPU
		{313161D4-A305-47FB-8935-D7C0A0CF4B3D}.Release|x86.Build.0 = Release|Any CPU
		{DFD6CB8D-D1FD-4712-8C4E-C611BBE12D08}.Debug|Any CPU.ActiveCfg = Debug|Any CPU
		{DFD6CB8D-D1FD-4712-8C4E-C611BBE12D08}.Debug|Any CPU.Build.0 = Debug|Any CPU
		{DFD6CB8D-D1FD-4712-8C4E-C611BBE12D08}.Debug|x64.ActiveCfg = Debug|Any CPU
		{DFD6CB8D-D1FD-4712-8C4E-C611BBE12D08}.Debug|x64.Build.0 = Debug|Any CPU
		{DFD6CB8D-D1FD-4712-8C4E-C611BBE12D08}.Debug|x86.ActiveCfg = Debug|Any CPU
		{DFD6CB8D-D1FD-4712-8C4E-C611BBE12D08}.Debug|x86.Build.0 = Debug|Any CPU
		{DFD6CB8D-D1FD-4712-8C4E-C611BBE12D08}.Release|Any CPU.ActiveCfg = Release|Any CPU
		{DFD6CB8D-D1FD-4712-8C4E-C611BBE12D08}.Release|Any CPU.Build.0 = Release|Any CPU
		{DFD6CB8D-D1FD-4712-8C4E-C611BBE12D08}.Release|x64.ActiveCfg = Release|Any CPU
		{DFD6CB8D-D1FD-4712-8C4E-C611BBE12D08}.Release|x64.Build.0 = Release|Any CPU
		{DFD6CB8D-D1FD-4712-8C4E-C611BBE12D08}.Release|x86.ActiveCfg = Release|Any CPU
		{DFD6CB8D-D1FD-4712-8C4E-C611BBE12D08}.Release|x86.Build.0 = Release|Any CPU
		{D420804D-CABE-4221-93F1-E67F7526E331}.Debug|Any CPU.ActiveCfg = Debug|Any CPU
		{D420804D-CABE-4221-93F1-E67F7526E331}.Debug|Any CPU.Build.0 = Debug|Any CPU
		{D420804D-CABE-4221-93F1-E67F7526E331}.Debug|x64.ActiveCfg = Debug|Any CPU
		{D420804D-CABE-4221-93F1-E67F7526E331}.Debug|x64.Build.0 = Debug|Any CPU
		{D420804D-CABE-4221-93F1-E67F7526E331}.Debug|x86.ActiveCfg = Debug|Any CPU
		{D420804D-CABE-4221-93F1-E67F7526E331}.Debug|x86.Build.0 = Debug|Any CPU
		{D420804D-CABE-4221-93F1-E67F7526E331}.Release|Any CPU.ActiveCfg = Release|Any CPU
		{D420804D-CABE-4221-93F1-E67F7526E331}.Release|Any CPU.Build.0 = Release|Any CPU
		{D420804D-CABE-4221-93F1-E67F7526E331}.Release|x64.ActiveCfg = Release|Any CPU
		{D420804D-CABE-4221-93F1-E67F7526E331}.Release|x64.Build.0 = Release|Any CPU
		{D420804D-CABE-4221-93F1-E67F7526E331}.Release|x86.ActiveCfg = Release|Any CPU
		{D420804D-CABE-4221-93F1-E67F7526E331}.Release|x86.Build.0 = Release|Any CPU
		{2BC89F9D-8FC7-4E19-9D16-CC66E56E56AE}.Debug|Any CPU.ActiveCfg = Debug|Any CPU
		{2BC89F9D-8FC7-4E19-9D16-CC66E56E56AE}.Debug|Any CPU.Build.0 = Debug|Any CPU
		{2BC89F9D-8FC7-4E19-9D16-CC66E56E56AE}.Debug|x64.ActiveCfg = Debug|Any CPU
		{2BC89F9D-8FC7-4E19-9D16-CC66E56E56AE}.Debug|x64.Build.0 = Debug|Any CPU
		{2BC89F9D-8FC7-4E19-9D16-CC66E56E56AE}.Debug|x86.ActiveCfg = Debug|Any CPU
		{2BC89F9D-8FC7-4E19-9D16-CC66E56E56AE}.Debug|x86.Build.0 = Debug|Any CPU
		{2BC89F9D-8FC7-4E19-9D16-CC66E56E56AE}.Release|Any CPU.ActiveCfg = Release|Any CPU
		{2BC89F9D-8FC7-4E19-9D16-CC66E56E56AE}.Release|Any CPU.Build.0 = Release|Any CPU
		{2BC89F9D-8FC7-4E19-9D16-CC66E56E56AE}.Release|x64.ActiveCfg = Release|Any CPU
		{2BC89F9D-8FC7-4E19-9D16-CC66E56E56AE}.Release|x64.Build.0 = Release|Any CPU
		{2BC89F9D-8FC7-4E19-9D16-CC66E56E56AE}.Release|x86.ActiveCfg = Release|Any CPU
		{2BC89F9D-8FC7-4E19-9D16-CC66E56E56AE}.Release|x86.Build.0 = Release|Any CPU
		{F13C082C-54A5-411C-A3BC-29315D7FD786}.Debug|Any CPU.ActiveCfg = Debug|Any CPU
		{F13C082C-54A5-411C-A3BC-29315D7FD786}.Debug|Any CPU.Build.0 = Debug|Any CPU
		{F13C082C-54A5-411C-A3BC-29315D7FD786}.Debug|x64.ActiveCfg = Debug|Any CPU
		{F13C082C-54A5-411C-A3BC-29315D7FD786}.Debug|x64.Build.0 = Debug|Any CPU
		{F13C082C-54A5-411C-A3BC-29315D7FD786}.Debug|x86.ActiveCfg = Debug|Any CPU
		{F13C082C-54A5-411C-A3BC-29315D7FD786}.Debug|x86.Build.0 = Debug|Any CPU
		{F13C082C-54A5-411C-A3BC-29315D7FD786}.Release|Any CPU.ActiveCfg = Release|Any CPU
		{F13C082C-54A5-411C-A3BC-29315D7FD786}.Release|Any CPU.Build.0 = Release|Any CPU
		{F13C082C-54A5-411C-A3BC-29315D7FD786}.Release|x64.ActiveCfg = Release|Any CPU
		{F13C082C-54A5-411C-A3BC-29315D7FD786}.Release|x64.Build.0 = Release|Any CPU
		{F13C082C-54A5-411C-A3BC-29315D7FD786}.Release|x86.ActiveCfg = Release|Any CPU
		{F13C082C-54A5-411C-A3BC-29315D7FD786}.Release|x86.Build.0 = Release|Any CPU
		{DA1FEC99-B530-4BF4-817E-A1C332F9C7B7}.Debug|Any CPU.ActiveCfg = Debug|Any CPU
		{DA1FEC99-B530-4BF4-817E-A1C332F9C7B7}.Debug|Any CPU.Build.0 = Debug|Any CPU
		{DA1FEC99-B530-4BF4-817E-A1C332F9C7B7}.Debug|x64.ActiveCfg = Debug|Any CPU
		{DA1FEC99-B530-4BF4-817E-A1C332F9C7B7}.Debug|x64.Build.0 = Debug|Any CPU
		{DA1FEC99-B530-4BF4-817E-A1C332F9C7B7}.Debug|x86.ActiveCfg = Debug|Any CPU
		{DA1FEC99-B530-4BF4-817E-A1C332F9C7B7}.Debug|x86.Build.0 = Debug|Any CPU
		{DA1FEC99-B530-4BF4-817E-A1C332F9C7B7}.Release|Any CPU.ActiveCfg = Release|Any CPU
		{DA1FEC99-B530-4BF4-817E-A1C332F9C7B7}.Release|Any CPU.Build.0 = Release|Any CPU
		{DA1FEC99-B530-4BF4-817E-A1C332F9C7B7}.Release|x64.ActiveCfg = Release|Any CPU
		{DA1FEC99-B530-4BF4-817E-A1C332F9C7B7}.Release|x64.Build.0 = Release|Any CPU
		{DA1FEC99-B530-4BF4-817E-A1C332F9C7B7}.Release|x86.ActiveCfg = Release|Any CPU
		{DA1FEC99-B530-4BF4-817E-A1C332F9C7B7}.Release|x86.Build.0 = Release|Any CPU
		{2D9C09CF-A6E0-4CC2-93D0-68AE6CA43B0A}.Debug|Any CPU.ActiveCfg = Debug|Any CPU
		{2D9C09CF-A6E0-4CC2-93D0-68AE6CA43B0A}.Debug|Any CPU.Build.0 = Debug|Any CPU
		{2D9C09CF-A6E0-4CC2-93D0-68AE6CA43B0A}.Debug|x64.ActiveCfg = Debug|Any CPU
		{2D9C09CF-A6E0-4CC2-93D0-68AE6CA43B0A}.Debug|x64.Build.0 = Debug|Any CPU
		{2D9C09CF-A6E0-4CC2-93D0-68AE6CA43B0A}.Debug|x86.ActiveCfg = Debug|Any CPU
		{2D9C09CF-A6E0-4CC2-93D0-68AE6CA43B0A}.Debug|x86.Build.0 = Debug|Any CPU
		{2D9C09CF-A6E0-4CC2-93D0-68AE6CA43B0A}.Release|Any CPU.ActiveCfg = Release|Any CPU
		{2D9C09CF-A6E0-4CC2-93D0-68AE6CA43B0A}.Release|Any CPU.Build.0 = Release|Any CPU
		{2D9C09CF-A6E0-4CC2-93D0-68AE6CA43B0A}.Release|x64.ActiveCfg = Release|Any CPU
		{2D9C09CF-A6E0-4CC2-93D0-68AE6CA43B0A}.Release|x64.Build.0 = Release|Any CPU
		{2D9C09CF-A6E0-4CC2-93D0-68AE6CA43B0A}.Release|x86.ActiveCfg = Release|Any CPU
		{2D9C09CF-A6E0-4CC2-93D0-68AE6CA43B0A}.Release|x86.Build.0 = Release|Any CPU
		{12F66392-C6BD-483A-8708-2B7C472A04A5}.Debug|Any CPU.ActiveCfg = Debug|Any CPU
		{12F66392-C6BD-483A-8708-2B7C472A04A5}.Debug|Any CPU.Build.0 = Debug|Any CPU
		{12F66392-C6BD-483A-8708-2B7C472A04A5}.Debug|x64.ActiveCfg = Debug|Any CPU
		{12F66392-C6BD-483A-8708-2B7C472A04A5}.Debug|x64.Build.0 = Debug|Any CPU
		{12F66392-C6BD-483A-8708-2B7C472A04A5}.Debug|x86.ActiveCfg = Debug|Any CPU
		{12F66392-C6BD-483A-8708-2B7C472A04A5}.Debug|x86.Build.0 = Debug|Any CPU
		{12F66392-C6BD-483A-8708-2B7C472A04A5}.Release|Any CPU.ActiveCfg = Release|Any CPU
		{12F66392-C6BD-483A-8708-2B7C472A04A5}.Release|Any CPU.Build.0 = Release|Any CPU
		{12F66392-C6BD-483A-8708-2B7C472A04A5}.Release|x64.ActiveCfg = Release|Any CPU
		{12F66392-C6BD-483A-8708-2B7C472A04A5}.Release|x64.Build.0 = Release|Any CPU
		{12F66392-C6BD-483A-8708-2B7C472A04A5}.Release|x86.ActiveCfg = Release|Any CPU
		{12F66392-C6BD-483A-8708-2B7C472A04A5}.Release|x86.Build.0 = Release|Any CPU
		{A605A8DF-272C-4989-9BF6-E438FB895D78}.Debug|Any CPU.ActiveCfg = Debug|Any CPU
		{A605A8DF-272C-4989-9BF6-E438FB895D78}.Debug|Any CPU.Build.0 = Debug|Any CPU
		{A605A8DF-272C-4989-9BF6-E438FB895D78}.Debug|x64.ActiveCfg = Debug|Any CPU
		{A605A8DF-272C-4989-9BF6-E438FB895D78}.Debug|x64.Build.0 = Debug|Any CPU
		{A605A8DF-272C-4989-9BF6-E438FB895D78}.Debug|x86.ActiveCfg = Debug|Any CPU
		{A605A8DF-272C-4989-9BF6-E438FB895D78}.Debug|x86.Build.0 = Debug|Any CPU
		{A605A8DF-272C-4989-9BF6-E438FB895D78}.Release|Any CPU.ActiveCfg = Release|Any CPU
		{A605A8DF-272C-4989-9BF6-E438FB895D78}.Release|Any CPU.Build.0 = Release|Any CPU
		{A605A8DF-272C-4989-9BF6-E438FB895D78}.Release|x64.ActiveCfg = Release|Any CPU
		{A605A8DF-272C-4989-9BF6-E438FB895D78}.Release|x64.Build.0 = Release|Any CPU
		{A605A8DF-272C-4989-9BF6-E438FB895D78}.Release|x86.ActiveCfg = Release|Any CPU
		{A605A8DF-272C-4989-9BF6-E438FB895D78}.Release|x86.Build.0 = Release|Any CPU
		{2BB15E13-3B72-4759-93AF-02735582C5F8}.Debug|Any CPU.ActiveCfg = Debug|Any CPU
		{2BB15E13-3B72-4759-93AF-02735582C5F8}.Debug|Any CPU.Build.0 = Debug|Any CPU
		{2BB15E13-3B72-4759-93AF-02735582C5F8}.Debug|x64.ActiveCfg = Debug|Any CPU
		{2BB15E13-3B72-4759-93AF-02735582C5F8}.Debug|x64.Build.0 = Debug|Any CPU
		{2BB15E13-3B72-4759-93AF-02735582C5F8}.Debug|x86.ActiveCfg = Debug|Any CPU
		{2BB15E13-3B72-4759-93AF-02735582C5F8}.Debug|x86.Build.0 = Debug|Any CPU
		{2BB15E13-3B72-4759-93AF-02735582C5F8}.Release|Any CPU.ActiveCfg = Release|Any CPU
		{2BB15E13-3B72-4759-93AF-02735582C5F8}.Release|Any CPU.Build.0 = Release|Any CPU
		{2BB15E13-3B72-4759-93AF-02735582C5F8}.Release|x64.ActiveCfg = Release|Any CPU
		{2BB15E13-3B72-4759-93AF-02735582C5F8}.Release|x64.Build.0 = Release|Any CPU
		{2BB15E13-3B72-4759-93AF-02735582C5F8}.Release|x86.ActiveCfg = Release|Any CPU
		{2BB15E13-3B72-4759-93AF-02735582C5F8}.Release|x86.Build.0 = Release|Any CPU
		{3E119445-C804-46A4-95F7-39DE26793CA3}.Debug|Any CPU.ActiveCfg = Debug|Any CPU
		{3E119445-C804-46A4-95F7-39DE26793CA3}.Debug|Any CPU.Build.0 = Debug|Any CPU
		{3E119445-C804-46A4-95F7-39DE26793CA3}.Debug|x64.ActiveCfg = Debug|Any CPU
		{3E119445-C804-46A4-95F7-39DE26793CA3}.Debug|x64.Build.0 = Debug|Any CPU
		{3E119445-C804-46A4-95F7-39DE26793CA3}.Debug|x86.ActiveCfg = Debug|Any CPU
		{3E119445-C804-46A4-95F7-39DE26793CA3}.Debug|x86.Build.0 = Debug|Any CPU
		{3E119445-C804-46A4-95F7-39DE26793CA3}.Release|Any CPU.ActiveCfg = Release|Any CPU
		{3E119445-C804-46A4-95F7-39DE26793CA3}.Release|Any CPU.Build.0 = Release|Any CPU
		{3E119445-C804-46A4-95F7-39DE26793CA3}.Release|x64.ActiveCfg = Release|Any CPU
		{3E119445-C804-46A4-95F7-39DE26793CA3}.Release|x64.Build.0 = Release|Any CPU
		{3E119445-C804-46A4-95F7-39DE26793CA3}.Release|x86.ActiveCfg = Release|Any CPU
		{3E119445-C804-46A4-95F7-39DE26793CA3}.Release|x86.Build.0 = Release|Any CPU
		{3881CF3E-83BB-426B-897A-4597E9AB92B4}.Debug|Any CPU.ActiveCfg = Debug|Any CPU
		{3881CF3E-83BB-426B-897A-4597E9AB92B4}.Debug|Any CPU.Build.0 = Debug|Any CPU
		{3881CF3E-83BB-426B-897A-4597E9AB92B4}.Debug|x64.ActiveCfg = Debug|Any CPU
		{3881CF3E-83BB-426B-897A-4597E9AB92B4}.Debug|x64.Build.0 = Debug|Any CPU
		{3881CF3E-83BB-426B-897A-4597E9AB92B4}.Debug|x86.ActiveCfg = Debug|Any CPU
		{3881CF3E-83BB-426B-897A-4597E9AB92B4}.Debug|x86.Build.0 = Debug|Any CPU
		{3881CF3E-83BB-426B-897A-4597E9AB92B4}.Release|Any CPU.ActiveCfg = Release|Any CPU
		{3881CF3E-83BB-426B-897A-4597E9AB92B4}.Release|Any CPU.Build.0 = Release|Any CPU
		{3881CF3E-83BB-426B-897A-4597E9AB92B4}.Release|x64.ActiveCfg = Release|Any CPU
		{3881CF3E-83BB-426B-897A-4597E9AB92B4}.Release|x64.Build.0 = Release|Any CPU
		{3881CF3E-83BB-426B-897A-4597E9AB92B4}.Release|x86.ActiveCfg = Release|Any CPU
		{3881CF3E-83BB-426B-897A-4597E9AB92B4}.Release|x86.Build.0 = Release|Any CPU
		{D6A6AA33-F0A0-4311-86C2-518FC25C94E7}.Debug|Any CPU.ActiveCfg = Debug|Any CPU
		{D6A6AA33-F0A0-4311-86C2-518FC25C94E7}.Debug|Any CPU.Build.0 = Debug|Any CPU
		{D6A6AA33-F0A0-4311-86C2-518FC25C94E7}.Debug|x64.ActiveCfg = Debug|Any CPU
		{D6A6AA33-F0A0-4311-86C2-518FC25C94E7}.Debug|x64.Build.0 = Debug|Any CPU
		{D6A6AA33-F0A0-4311-86C2-518FC25C94E7}.Debug|x86.ActiveCfg = Debug|Any CPU
		{D6A6AA33-F0A0-4311-86C2-518FC25C94E7}.Debug|x86.Build.0 = Debug|Any CPU
		{D6A6AA33-F0A0-4311-86C2-518FC25C94E7}.Release|Any CPU.ActiveCfg = Release|Any CPU
		{D6A6AA33-F0A0-4311-86C2-518FC25C94E7}.Release|Any CPU.Build.0 = Release|Any CPU
		{D6A6AA33-F0A0-4311-86C2-518FC25C94E7}.Release|x64.ActiveCfg = Release|Any CPU
		{D6A6AA33-F0A0-4311-86C2-518FC25C94E7}.Release|x64.Build.0 = Release|Any CPU
		{D6A6AA33-F0A0-4311-86C2-518FC25C94E7}.Release|x86.ActiveCfg = Release|Any CPU
		{D6A6AA33-F0A0-4311-86C2-518FC25C94E7}.Release|x86.Build.0 = Release|Any CPU
		{E6D9CC88-0F5D-41EA-87D2-239D94F794ED}.Debug|Any CPU.ActiveCfg = Debug|Any CPU
		{E6D9CC88-0F5D-41EA-87D2-239D94F794ED}.Debug|Any CPU.Build.0 = Debug|Any CPU
		{E6D9CC88-0F5D-41EA-87D2-239D94F794ED}.Debug|x64.ActiveCfg = Debug|Any CPU
		{E6D9CC88-0F5D-41EA-87D2-239D94F794ED}.Debug|x64.Build.0 = Debug|Any CPU
		{E6D9CC88-0F5D-41EA-87D2-239D94F794ED}.Debug|x86.ActiveCfg = Debug|Any CPU
		{E6D9CC88-0F5D-41EA-87D2-239D94F794ED}.Debug|x86.Build.0 = Debug|Any CPU
		{E6D9CC88-0F5D-41EA-87D2-239D94F794ED}.Release|Any CPU.ActiveCfg = Release|Any CPU
		{E6D9CC88-0F5D-41EA-87D2-239D94F794ED}.Release|Any CPU.Build.0 = Release|Any CPU
		{E6D9CC88-0F5D-41EA-87D2-239D94F794ED}.Release|x64.ActiveCfg = Release|Any CPU
		{E6D9CC88-0F5D-41EA-87D2-239D94F794ED}.Release|x64.Build.0 = Release|Any CPU
		{E6D9CC88-0F5D-41EA-87D2-239D94F794ED}.Release|x86.ActiveCfg = Release|Any CPU
		{E6D9CC88-0F5D-41EA-87D2-239D94F794ED}.Release|x86.Build.0 = Release|Any CPU
		{8A2102DE-6DD2-477F-ADAE-51FC3BB19C7D}.Debug|Any CPU.ActiveCfg = Debug
		{8A2102DE-6DD2-477F-ADAE-51FC3BB19C7D}.Debug|x64.ActiveCfg = Debug
		{8A2102DE-6DD2-477F-ADAE-51FC3BB19C7D}.Debug|x64.Build.0 = Debug
		{8A2102DE-6DD2-477F-ADAE-51FC3BB19C7D}.Debug|x86.ActiveCfg = Debug
		{8A2102DE-6DD2-477F-ADAE-51FC3BB19C7D}.Debug|x86.Build.0 = Debug
		{8A2102DE-6DD2-477F-ADAE-51FC3BB19C7D}.Release|Any CPU.ActiveCfg = Release
		{8A2102DE-6DD2-477F-ADAE-51FC3BB19C7D}.Release|x64.ActiveCfg = Release
		{8A2102DE-6DD2-477F-ADAE-51FC3BB19C7D}.Release|x64.Build.0 = Release
		{8A2102DE-6DD2-477F-ADAE-51FC3BB19C7D}.Release|x86.ActiveCfg = Release
		{8A2102DE-6DD2-477F-ADAE-51FC3BB19C7D}.Release|x86.Build.0 = Release
		{BE9918CF-FF36-4DDA-A7D0-AE2FEAE204C8}.Debug|Any CPU.ActiveCfg = Debug|Any CPU
		{BE9918CF-FF36-4DDA-A7D0-AE2FEAE204C8}.Debug|Any CPU.Build.0 = Debug|Any CPU
		{BE9918CF-FF36-4DDA-A7D0-AE2FEAE204C8}.Debug|x64.ActiveCfg = Debug|x64
		{BE9918CF-FF36-4DDA-A7D0-AE2FEAE204C8}.Debug|x64.Build.0 = Debug|x64
		{BE9918CF-FF36-4DDA-A7D0-AE2FEAE204C8}.Debug|x86.ActiveCfg = Debug|Any CPU
		{BE9918CF-FF36-4DDA-A7D0-AE2FEAE204C8}.Debug|x86.Build.0 = Debug|Any CPU
		{BE9918CF-FF36-4DDA-A7D0-AE2FEAE204C8}.Release|Any CPU.ActiveCfg = Release|Any CPU
		{BE9918CF-FF36-4DDA-A7D0-AE2FEAE204C8}.Release|Any CPU.Build.0 = Release|Any CPU
		{BE9918CF-FF36-4DDA-A7D0-AE2FEAE204C8}.Release|x64.ActiveCfg = Release|x64
		{BE9918CF-FF36-4DDA-A7D0-AE2FEAE204C8}.Release|x64.Build.0 = Release|x64
		{BE9918CF-FF36-4DDA-A7D0-AE2FEAE204C8}.Release|x86.ActiveCfg = Release|Any CPU
		{BE9918CF-FF36-4DDA-A7D0-AE2FEAE204C8}.Release|x86.Build.0 = Release|Any CPU
		{A74D5534-1917-40DB-AEB8-50AC3764E096}.Debug|Any CPU.ActiveCfg = Debug|Any CPU
		{A74D5534-1917-40DB-AEB8-50AC3764E096}.Debug|Any CPU.Build.0 = Debug|Any CPU
		{A74D5534-1917-40DB-AEB8-50AC3764E096}.Debug|x64.ActiveCfg = Debug|Any CPU
		{A74D5534-1917-40DB-AEB8-50AC3764E096}.Debug|x64.Build.0 = Debug|Any CPU
		{A74D5534-1917-40DB-AEB8-50AC3764E096}.Debug|x86.ActiveCfg = Debug|Any CPU
		{A74D5534-1917-40DB-AEB8-50AC3764E096}.Debug|x86.Build.0 = Debug|Any CPU
		{A74D5534-1917-40DB-AEB8-50AC3764E096}.Release|Any CPU.ActiveCfg = Release|Any CPU
		{A74D5534-1917-40DB-AEB8-50AC3764E096}.Release|Any CPU.Build.0 = Release|Any CPU
		{A74D5534-1917-40DB-AEB8-50AC3764E096}.Release|x64.ActiveCfg = Release|Any CPU
		{A74D5534-1917-40DB-AEB8-50AC3764E096}.Release|x64.Build.0 = Release|Any CPU
		{A74D5534-1917-40DB-AEB8-50AC3764E096}.Release|x86.ActiveCfg = Release|Any CPU
		{A74D5534-1917-40DB-AEB8-50AC3764E096}.Release|x86.Build.0 = Release|Any CPU
		{28E684DF-1A53-4538-80B4-C1F96CC82D66}.Debug|Any CPU.ActiveCfg = Debug|Any CPU
		{28E684DF-1A53-4538-80B4-C1F96CC82D66}.Debug|Any CPU.Build.0 = Debug|Any CPU
		{28E684DF-1A53-4538-80B4-C1F96CC82D66}.Debug|x64.ActiveCfg = Debug|Any CPU
		{28E684DF-1A53-4538-80B4-C1F96CC82D66}.Debug|x64.Build.0 = Debug|Any CPU
		{28E684DF-1A53-4538-80B4-C1F96CC82D66}.Debug|x86.ActiveCfg = Debug|Any CPU
		{28E684DF-1A53-4538-80B4-C1F96CC82D66}.Debug|x86.Build.0 = Debug|Any CPU
		{28E684DF-1A53-4538-80B4-C1F96CC82D66}.Release|Any CPU.ActiveCfg = Release|Any CPU
		{28E684DF-1A53-4538-80B4-C1F96CC82D66}.Release|Any CPU.Build.0 = Release|Any CPU
		{28E684DF-1A53-4538-80B4-C1F96CC82D66}.Release|x64.ActiveCfg = Release|Any CPU
		{28E684DF-1A53-4538-80B4-C1F96CC82D66}.Release|x64.Build.0 = Release|Any CPU
		{28E684DF-1A53-4538-80B4-C1F96CC82D66}.Release|x86.ActiveCfg = Release|Any CPU
		{28E684DF-1A53-4538-80B4-C1F96CC82D66}.Release|x86.Build.0 = Release|Any CPU
		{AF2BDC78-1A2D-438E-8FB2-8383D2DB324E}.Debug|Any CPU.ActiveCfg = Debug|Any CPU
		{AF2BDC78-1A2D-438E-8FB2-8383D2DB324E}.Debug|Any CPU.Build.0 = Debug|Any CPU
		{AF2BDC78-1A2D-438E-8FB2-8383D2DB324E}.Debug|x64.ActiveCfg = Debug|Any CPU
		{AF2BDC78-1A2D-438E-8FB2-8383D2DB324E}.Debug|x64.Build.0 = Debug|Any CPU
		{AF2BDC78-1A2D-438E-8FB2-8383D2DB324E}.Debug|x86.ActiveCfg = Debug|Any CPU
		{AF2BDC78-1A2D-438E-8FB2-8383D2DB324E}.Debug|x86.Build.0 = Debug|Any CPU
		{AF2BDC78-1A2D-438E-8FB2-8383D2DB324E}.Release|Any CPU.ActiveCfg = Release|Any CPU
		{AF2BDC78-1A2D-438E-8FB2-8383D2DB324E}.Release|Any CPU.Build.0 = Release|Any CPU
		{AF2BDC78-1A2D-438E-8FB2-8383D2DB324E}.Release|x64.ActiveCfg = Release|Any CPU
		{AF2BDC78-1A2D-438E-8FB2-8383D2DB324E}.Release|x64.Build.0 = Release|Any CPU
		{AF2BDC78-1A2D-438E-8FB2-8383D2DB324E}.Release|x86.ActiveCfg = Release|Any CPU
		{AF2BDC78-1A2D-438E-8FB2-8383D2DB324E}.Release|x86.Build.0 = Release|Any CPU
		{3CFC38B6-8D03-4BB6-8742-5A3D3CD76F7C}.Debug|Any CPU.ActiveCfg = Debug|Any CPU
		{3CFC38B6-8D03-4BB6-8742-5A3D3CD76F7C}.Debug|Any CPU.Build.0 = Debug|Any CPU
		{3CFC38B6-8D03-4BB6-8742-5A3D3CD76F7C}.Debug|x64.ActiveCfg = Debug|Any CPU
		{3CFC38B6-8D03-4BB6-8742-5A3D3CD76F7C}.Debug|x64.Build.0 = Debug|Any CPU
		{3CFC38B6-8D03-4BB6-8742-5A3D3CD76F7C}.Debug|x86.ActiveCfg = Debug|Any CPU
		{3CFC38B6-8D03-4BB6-8742-5A3D3CD76F7C}.Debug|x86.Build.0 = Debug|Any CPU
		{3CFC38B6-8D03-4BB6-8742-5A3D3CD76F7C}.Release|Any CPU.ActiveCfg = Release|Any CPU
		{3CFC38B6-8D03-4BB6-8742-5A3D3CD76F7C}.Release|Any CPU.Build.0 = Release|Any CPU
		{3CFC38B6-8D03-4BB6-8742-5A3D3CD76F7C}.Release|x64.ActiveCfg = Release|Any CPU
		{3CFC38B6-8D03-4BB6-8742-5A3D3CD76F7C}.Release|x64.Build.0 = Release|Any CPU
		{3CFC38B6-8D03-4BB6-8742-5A3D3CD76F7C}.Release|x86.ActiveCfg = Release|Any CPU
		{3CFC38B6-8D03-4BB6-8742-5A3D3CD76F7C}.Release|x86.Build.0 = Release|Any CPU
		{AE976E0B-2434-48BD-B683-1BC4BD019EEF}.Debug|Any CPU.ActiveCfg = Debug|Any CPU
		{AE976E0B-2434-48BD-B683-1BC4BD019EEF}.Debug|Any CPU.Build.0 = Debug|Any CPU
		{AE976E0B-2434-48BD-B683-1BC4BD019EEF}.Debug|x64.ActiveCfg = Debug|Any CPU
		{AE976E0B-2434-48BD-B683-1BC4BD019EEF}.Debug|x64.Build.0 = Debug|Any CPU
		{AE976E0B-2434-48BD-B683-1BC4BD019EEF}.Debug|x86.ActiveCfg = Debug|Any CPU
		{AE976E0B-2434-48BD-B683-1BC4BD019EEF}.Debug|x86.Build.0 = Debug|Any CPU
		{AE976E0B-2434-48BD-B683-1BC4BD019EEF}.Release|Any CPU.ActiveCfg = Release|Any CPU
		{AE976E0B-2434-48BD-B683-1BC4BD019EEF}.Release|Any CPU.Build.0 = Release|Any CPU
		{AE976E0B-2434-48BD-B683-1BC4BD019EEF}.Release|x64.ActiveCfg = Release|Any CPU
		{AE976E0B-2434-48BD-B683-1BC4BD019EEF}.Release|x64.Build.0 = Release|Any CPU
		{AE976E0B-2434-48BD-B683-1BC4BD019EEF}.Release|x86.ActiveCfg = Release|Any CPU
		{AE976E0B-2434-48BD-B683-1BC4BD019EEF}.Release|x86.Build.0 = Release|Any CPU
		{7D900ED1-B54C-405F-ADB2-6C87A7A0EE02}.Debug|Any CPU.ActiveCfg = Debug|Any CPU
		{7D900ED1-B54C-405F-ADB2-6C87A7A0EE02}.Debug|Any CPU.Build.0 = Debug|Any CPU
		{7D900ED1-B54C-405F-ADB2-6C87A7A0EE02}.Debug|x64.ActiveCfg = Debug|Any CPU
		{7D900ED1-B54C-405F-ADB2-6C87A7A0EE02}.Debug|x64.Build.0 = Debug|Any CPU
		{7D900ED1-B54C-405F-ADB2-6C87A7A0EE02}.Debug|x86.ActiveCfg = Debug|Any CPU
		{7D900ED1-B54C-405F-ADB2-6C87A7A0EE02}.Debug|x86.Build.0 = Debug|Any CPU
		{7D900ED1-B54C-405F-ADB2-6C87A7A0EE02}.Release|Any CPU.ActiveCfg = Release|Any CPU
		{7D900ED1-B54C-405F-ADB2-6C87A7A0EE02}.Release|Any CPU.Build.0 = Release|Any CPU
		{7D900ED1-B54C-405F-ADB2-6C87A7A0EE02}.Release|x64.ActiveCfg = Release|Any CPU
		{7D900ED1-B54C-405F-ADB2-6C87A7A0EE02}.Release|x64.Build.0 = Release|Any CPU
		{7D900ED1-B54C-405F-ADB2-6C87A7A0EE02}.Release|x86.ActiveCfg = Release|Any CPU
		{7D900ED1-B54C-405F-ADB2-6C87A7A0EE02}.Release|x86.Build.0 = Release|Any CPU
		{C4CEE69E-DC28-4213-9706-6DD4D5352D37}.Debug|Any CPU.ActiveCfg = Debug|Any CPU
		{C4CEE69E-DC28-4213-9706-6DD4D5352D37}.Debug|Any CPU.Build.0 = Debug|Any CPU
		{C4CEE69E-DC28-4213-9706-6DD4D5352D37}.Debug|x64.ActiveCfg = Debug|Any CPU
		{C4CEE69E-DC28-4213-9706-6DD4D5352D37}.Debug|x64.Build.0 = Debug|Any CPU
		{C4CEE69E-DC28-4213-9706-6DD4D5352D37}.Debug|x86.ActiveCfg = Debug|Any CPU
		{C4CEE69E-DC28-4213-9706-6DD4D5352D37}.Debug|x86.Build.0 = Debug|Any CPU
		{C4CEE69E-DC28-4213-9706-6DD4D5352D37}.Release|Any CPU.ActiveCfg = Release|Any CPU
		{C4CEE69E-DC28-4213-9706-6DD4D5352D37}.Release|Any CPU.Build.0 = Release|Any CPU
		{C4CEE69E-DC28-4213-9706-6DD4D5352D37}.Release|x64.ActiveCfg = Release|Any CPU
		{C4CEE69E-DC28-4213-9706-6DD4D5352D37}.Release|x64.Build.0 = Release|Any CPU
		{C4CEE69E-DC28-4213-9706-6DD4D5352D37}.Release|x86.ActiveCfg = Release|Any CPU
		{C4CEE69E-DC28-4213-9706-6DD4D5352D37}.Release|x86.Build.0 = Release|Any CPU
		{BAD9A0F6-0BE4-448B-B8F8-6AA6DDF7BB83}.Debug|Any CPU.ActiveCfg = Debug|Any CPU
		{BAD9A0F6-0BE4-448B-B8F8-6AA6DDF7BB83}.Debug|Any CPU.Build.0 = Debug|Any CPU
		{BAD9A0F6-0BE4-448B-B8F8-6AA6DDF7BB83}.Debug|x64.ActiveCfg = Debug|Any CPU
		{BAD9A0F6-0BE4-448B-B8F8-6AA6DDF7BB83}.Debug|x64.Build.0 = Debug|Any CPU
		{BAD9A0F6-0BE4-448B-B8F8-6AA6DDF7BB83}.Debug|x86.ActiveCfg = Debug|Any CPU
		{BAD9A0F6-0BE4-448B-B8F8-6AA6DDF7BB83}.Debug|x86.Build.0 = Debug|Any CPU
		{BAD9A0F6-0BE4-448B-B8F8-6AA6DDF7BB83}.Release|Any CPU.ActiveCfg = Release|Any CPU
		{BAD9A0F6-0BE4-448B-B8F8-6AA6DDF7BB83}.Release|Any CPU.Build.0 = Release|Any CPU
		{BAD9A0F6-0BE4-448B-B8F8-6AA6DDF7BB83}.Release|x64.ActiveCfg = Release|Any CPU
		{BAD9A0F6-0BE4-448B-B8F8-6AA6DDF7BB83}.Release|x64.Build.0 = Release|Any CPU
		{BAD9A0F6-0BE4-448B-B8F8-6AA6DDF7BB83}.Release|x86.ActiveCfg = Release|Any CPU
		{BAD9A0F6-0BE4-448B-B8F8-6AA6DDF7BB83}.Release|x86.Build.0 = Release|Any CPU
		{60AE2F10-71AF-40C8-957A-A2D57DA8DA85}.Debug|Any CPU.ActiveCfg = Debug|Any CPU
		{60AE2F10-71AF-40C8-957A-A2D57DA8DA85}.Debug|Any CPU.Build.0 = Debug|Any CPU
		{60AE2F10-71AF-40C8-957A-A2D57DA8DA85}.Debug|x64.ActiveCfg = Debug|Any CPU
		{60AE2F10-71AF-40C8-957A-A2D57DA8DA85}.Debug|x64.Build.0 = Debug|Any CPU
		{60AE2F10-71AF-40C8-957A-A2D57DA8DA85}.Debug|x86.ActiveCfg = Debug|Any CPU
		{60AE2F10-71AF-40C8-957A-A2D57DA8DA85}.Debug|x86.Build.0 = Debug|Any CPU
		{60AE2F10-71AF-40C8-957A-A2D57DA8DA85}.Release|Any CPU.ActiveCfg = Release|Any CPU
		{60AE2F10-71AF-40C8-957A-A2D57DA8DA85}.Release|Any CPU.Build.0 = Release|Any CPU
		{60AE2F10-71AF-40C8-957A-A2D57DA8DA85}.Release|x64.ActiveCfg = Release|Any CPU
		{60AE2F10-71AF-40C8-957A-A2D57DA8DA85}.Release|x64.Build.0 = Release|Any CPU
		{60AE2F10-71AF-40C8-957A-A2D57DA8DA85}.Release|x86.ActiveCfg = Release|Any CPU
		{60AE2F10-71AF-40C8-957A-A2D57DA8DA85}.Release|x86.Build.0 = Release|Any CPU
		{7D696B55-C534-4557-8F76-DEE1A124B193}.Debug|Any CPU.ActiveCfg = Debug|Any CPU
		{7D696B55-C534-4557-8F76-DEE1A124B193}.Debug|Any CPU.Build.0 = Debug|Any CPU
		{7D696B55-C534-4557-8F76-DEE1A124B193}.Debug|x64.ActiveCfg = Debug|Any CPU
		{7D696B55-C534-4557-8F76-DEE1A124B193}.Debug|x64.Build.0 = Debug|Any CPU
		{7D696B55-C534-4557-8F76-DEE1A124B193}.Debug|x86.ActiveCfg = Debug|Any CPU
		{7D696B55-C534-4557-8F76-DEE1A124B193}.Debug|x86.Build.0 = Debug|Any CPU
		{7D696B55-C534-4557-8F76-DEE1A124B193}.Release|Any CPU.ActiveCfg = Release|Any CPU
		{7D696B55-C534-4557-8F76-DEE1A124B193}.Release|Any CPU.Build.0 = Release|Any CPU
		{7D696B55-C534-4557-8F76-DEE1A124B193}.Release|x64.ActiveCfg = Release|Any CPU
		{7D696B55-C534-4557-8F76-DEE1A124B193}.Release|x64.Build.0 = Release|Any CPU
		{7D696B55-C534-4557-8F76-DEE1A124B193}.Release|x86.ActiveCfg = Release|Any CPU
		{7D696B55-C534-4557-8F76-DEE1A124B193}.Release|x86.Build.0 = Release|Any CPU
		{C4DE02E5-EAF6-4EFE-A8AD-867C06A580A8}.Debug|Any CPU.ActiveCfg = Debug|Any CPU
		{C4DE02E5-EAF6-4EFE-A8AD-867C06A580A8}.Debug|Any CPU.Build.0 = Debug|Any CPU
		{C4DE02E5-EAF6-4EFE-A8AD-867C06A580A8}.Debug|x64.ActiveCfg = Debug|Any CPU
		{C4DE02E5-EAF6-4EFE-A8AD-867C06A580A8}.Debug|x64.Build.0 = Debug|Any CPU
		{C4DE02E5-EAF6-4EFE-A8AD-867C06A580A8}.Debug|x86.ActiveCfg = Debug|Any CPU
		{C4DE02E5-EAF6-4EFE-A8AD-867C06A580A8}.Debug|x86.Build.0 = Debug|Any CPU
		{C4DE02E5-EAF6-4EFE-A8AD-867C06A580A8}.Release|Any CPU.ActiveCfg = Release|Any CPU
		{C4DE02E5-EAF6-4EFE-A8AD-867C06A580A8}.Release|Any CPU.Build.0 = Release|Any CPU
		{C4DE02E5-EAF6-4EFE-A8AD-867C06A580A8}.Release|x64.ActiveCfg = Release|Any CPU
		{C4DE02E5-EAF6-4EFE-A8AD-867C06A580A8}.Release|x64.Build.0 = Release|Any CPU
		{C4DE02E5-EAF6-4EFE-A8AD-867C06A580A8}.Release|x86.ActiveCfg = Release|Any CPU
		{C4DE02E5-EAF6-4EFE-A8AD-867C06A580A8}.Release|x86.Build.0 = Release|Any CPU
		{9BFF83FB-8DCA-48C3-932C-C98C432A2C9E}.Debug|Any CPU.ActiveCfg = Debug|Any CPU
		{9BFF83FB-8DCA-48C3-932C-C98C432A2C9E}.Debug|Any CPU.Build.0 = Debug|Any CPU
		{9BFF83FB-8DCA-48C3-932C-C98C432A2C9E}.Debug|x64.ActiveCfg = Debug|Any CPU
		{9BFF83FB-8DCA-48C3-932C-C98C432A2C9E}.Debug|x64.Build.0 = Debug|Any CPU
		{9BFF83FB-8DCA-48C3-932C-C98C432A2C9E}.Debug|x86.ActiveCfg = Debug|Any CPU
		{9BFF83FB-8DCA-48C3-932C-C98C432A2C9E}.Debug|x86.Build.0 = Debug|Any CPU
		{9BFF83FB-8DCA-48C3-932C-C98C432A2C9E}.Release|Any CPU.ActiveCfg = Release|Any CPU
		{9BFF83FB-8DCA-48C3-932C-C98C432A2C9E}.Release|Any CPU.Build.0 = Release|Any CPU
		{9BFF83FB-8DCA-48C3-932C-C98C432A2C9E}.Release|x64.ActiveCfg = Release|Any CPU
		{9BFF83FB-8DCA-48C3-932C-C98C432A2C9E}.Release|x64.Build.0 = Release|Any CPU
		{9BFF83FB-8DCA-48C3-932C-C98C432A2C9E}.Release|x86.ActiveCfg = Release|Any CPU
		{9BFF83FB-8DCA-48C3-932C-C98C432A2C9E}.Release|x86.Build.0 = Release|Any CPU
		{0F6BB4BD-40C1-4381-A402-48DE3C11FBE9}.Debug|Any CPU.ActiveCfg = Debug|Any CPU
		{0F6BB4BD-40C1-4381-A402-48DE3C11FBE9}.Debug|Any CPU.Build.0 = Debug|Any CPU
		{0F6BB4BD-40C1-4381-A402-48DE3C11FBE9}.Debug|x64.ActiveCfg = Debug|Any CPU
		{0F6BB4BD-40C1-4381-A402-48DE3C11FBE9}.Debug|x64.Build.0 = Debug|Any CPU
		{0F6BB4BD-40C1-4381-A402-48DE3C11FBE9}.Debug|x86.ActiveCfg = Debug|Any CPU
		{0F6BB4BD-40C1-4381-A402-48DE3C11FBE9}.Debug|x86.Build.0 = Debug|Any CPU
		{0F6BB4BD-40C1-4381-A402-48DE3C11FBE9}.Release|Any CPU.ActiveCfg = Release|Any CPU
		{0F6BB4BD-40C1-4381-A402-48DE3C11FBE9}.Release|Any CPU.Build.0 = Release|Any CPU
		{0F6BB4BD-40C1-4381-A402-48DE3C11FBE9}.Release|x64.ActiveCfg = Release|Any CPU
		{0F6BB4BD-40C1-4381-A402-48DE3C11FBE9}.Release|x64.Build.0 = Release|Any CPU
		{0F6BB4BD-40C1-4381-A402-48DE3C11FBE9}.Release|x86.ActiveCfg = Release|Any CPU
		{0F6BB4BD-40C1-4381-A402-48DE3C11FBE9}.Release|x86.Build.0 = Release|Any CPU
		{F3D4AB0E-21BF-43A3-A989-068975322D65}.Debug|Any CPU.ActiveCfg = Debug|Any CPU
		{F3D4AB0E-21BF-43A3-A989-068975322D65}.Debug|Any CPU.Build.0 = Debug|Any CPU
		{F3D4AB0E-21BF-43A3-A989-068975322D65}.Debug|x64.ActiveCfg = Debug|Any CPU
		{F3D4AB0E-21BF-43A3-A989-068975322D65}.Debug|x64.Build.0 = Debug|Any CPU
		{F3D4AB0E-21BF-43A3-A989-068975322D65}.Debug|x86.ActiveCfg = Debug|Any CPU
		{F3D4AB0E-21BF-43A3-A989-068975322D65}.Debug|x86.Build.0 = Debug|Any CPU
		{F3D4AB0E-21BF-43A3-A989-068975322D65}.Release|Any CPU.ActiveCfg = Release|Any CPU
		{F3D4AB0E-21BF-43A3-A989-068975322D65}.Release|Any CPU.Build.0 = Release|Any CPU
		{F3D4AB0E-21BF-43A3-A989-068975322D65}.Release|x64.ActiveCfg = Release|Any CPU
		{F3D4AB0E-21BF-43A3-A989-068975322D65}.Release|x64.Build.0 = Release|Any CPU
		{F3D4AB0E-21BF-43A3-A989-068975322D65}.Release|x86.ActiveCfg = Release|Any CPU
		{F3D4AB0E-21BF-43A3-A989-068975322D65}.Release|x86.Build.0 = Release|Any CPU
		{AAE9A422-C514-44FB-8A78-CF6B2DE5CE04}.Debug|Any CPU.ActiveCfg = Debug|Any CPU
		{AAE9A422-C514-44FB-8A78-CF6B2DE5CE04}.Debug|Any CPU.Build.0 = Debug|Any CPU
		{AAE9A422-C514-44FB-8A78-CF6B2DE5CE04}.Debug|x64.ActiveCfg = Debug|Any CPU
		{AAE9A422-C514-44FB-8A78-CF6B2DE5CE04}.Debug|x64.Build.0 = Debug|Any CPU
		{AAE9A422-C514-44FB-8A78-CF6B2DE5CE04}.Debug|x86.ActiveCfg = Debug|Any CPU
		{AAE9A422-C514-44FB-8A78-CF6B2DE5CE04}.Debug|x86.Build.0 = Debug|Any CPU
		{AAE9A422-C514-44FB-8A78-CF6B2DE5CE04}.Release|Any CPU.ActiveCfg = Release|Any CPU
		{AAE9A422-C514-44FB-8A78-CF6B2DE5CE04}.Release|Any CPU.Build.0 = Release|Any CPU
		{AAE9A422-C514-44FB-8A78-CF6B2DE5CE04}.Release|x64.ActiveCfg = Release|Any CPU
		{AAE9A422-C514-44FB-8A78-CF6B2DE5CE04}.Release|x64.Build.0 = Release|Any CPU
		{AAE9A422-C514-44FB-8A78-CF6B2DE5CE04}.Release|x86.ActiveCfg = Release|Any CPU
		{AAE9A422-C514-44FB-8A78-CF6B2DE5CE04}.Release|x86.Build.0 = Release|Any CPU
		{071ED254-6E2B-4566-A9EF-4C71AFD99173}.Debug|Any CPU.ActiveCfg = Debug|Any CPU
		{071ED254-6E2B-4566-A9EF-4C71AFD99173}.Debug|Any CPU.Build.0 = Debug|Any CPU
		{071ED254-6E2B-4566-A9EF-4C71AFD99173}.Debug|x64.ActiveCfg = Debug|Any CPU
		{071ED254-6E2B-4566-A9EF-4C71AFD99173}.Debug|x64.Build.0 = Debug|Any CPU
		{071ED254-6E2B-4566-A9EF-4C71AFD99173}.Debug|x86.ActiveCfg = Debug|Any CPU
		{071ED254-6E2B-4566-A9EF-4C71AFD99173}.Debug|x86.Build.0 = Debug|Any CPU
		{071ED254-6E2B-4566-A9EF-4C71AFD99173}.Release|Any CPU.ActiveCfg = Release|Any CPU
		{071ED254-6E2B-4566-A9EF-4C71AFD99173}.Release|Any CPU.Build.0 = Release|Any CPU
		{071ED254-6E2B-4566-A9EF-4C71AFD99173}.Release|x64.ActiveCfg = Release|Any CPU
		{071ED254-6E2B-4566-A9EF-4C71AFD99173}.Release|x64.Build.0 = Release|Any CPU
		{071ED254-6E2B-4566-A9EF-4C71AFD99173}.Release|x86.ActiveCfg = Release|Any CPU
		{071ED254-6E2B-4566-A9EF-4C71AFD99173}.Release|x86.Build.0 = Release|Any CPU
		{C4E6F31E-2C93-40B4-9919-F9610AB9048E}.Debug|Any CPU.ActiveCfg = Debug|Any CPU
		{C4E6F31E-2C93-40B4-9919-F9610AB9048E}.Debug|Any CPU.Build.0 = Debug|Any CPU
		{C4E6F31E-2C93-40B4-9919-F9610AB9048E}.Debug|x64.ActiveCfg = Debug|Any CPU
		{C4E6F31E-2C93-40B4-9919-F9610AB9048E}.Debug|x64.Build.0 = Debug|Any CPU
		{C4E6F31E-2C93-40B4-9919-F9610AB9048E}.Debug|x86.ActiveCfg = Debug|Any CPU
		{C4E6F31E-2C93-40B4-9919-F9610AB9048E}.Debug|x86.Build.0 = Debug|Any CPU
		{C4E6F31E-2C93-40B4-9919-F9610AB9048E}.Release|Any CPU.ActiveCfg = Release|Any CPU
		{C4E6F31E-2C93-40B4-9919-F9610AB9048E}.Release|Any CPU.Build.0 = Release|Any CPU
		{C4E6F31E-2C93-40B4-9919-F9610AB9048E}.Release|x64.ActiveCfg = Release|Any CPU
		{C4E6F31E-2C93-40B4-9919-F9610AB9048E}.Release|x64.Build.0 = Release|Any CPU
		{C4E6F31E-2C93-40B4-9919-F9610AB9048E}.Release|x86.ActiveCfg = Release|Any CPU
		{C4E6F31E-2C93-40B4-9919-F9610AB9048E}.Release|x86.Build.0 = Release|Any CPU
		{CCB49E67-7F01-4304-89BB-3FFC367D4458}.Debug|Any CPU.ActiveCfg = Debug|Any CPU
		{CCB49E67-7F01-4304-89BB-3FFC367D4458}.Debug|Any CPU.Build.0 = Debug|Any CPU
		{CCB49E67-7F01-4304-89BB-3FFC367D4458}.Debug|x64.ActiveCfg = Debug|Any CPU
		{CCB49E67-7F01-4304-89BB-3FFC367D4458}.Debug|x64.Build.0 = Debug|Any CPU
		{CCB49E67-7F01-4304-89BB-3FFC367D4458}.Debug|x86.ActiveCfg = Debug|Any CPU
		{CCB49E67-7F01-4304-89BB-3FFC367D4458}.Debug|x86.Build.0 = Debug|Any CPU
		{CCB49E67-7F01-4304-89BB-3FFC367D4458}.Release|Any CPU.ActiveCfg = Release|Any CPU
		{CCB49E67-7F01-4304-89BB-3FFC367D4458}.Release|Any CPU.Build.0 = Release|Any CPU
		{CCB49E67-7F01-4304-89BB-3FFC367D4458}.Release|x64.ActiveCfg = Release|Any CPU
		{CCB49E67-7F01-4304-89BB-3FFC367D4458}.Release|x64.Build.0 = Release|Any CPU
		{CCB49E67-7F01-4304-89BB-3FFC367D4458}.Release|x86.ActiveCfg = Release|Any CPU
		{CCB49E67-7F01-4304-89BB-3FFC367D4458}.Release|x86.Build.0 = Release|Any CPU
		{717EB061-E78A-4D3D-BBD3-4548552E83C8}.Debug|Any CPU.ActiveCfg = Debug|Any CPU
		{717EB061-E78A-4D3D-BBD3-4548552E83C8}.Debug|Any CPU.Build.0 = Debug|Any CPU
		{717EB061-E78A-4D3D-BBD3-4548552E83C8}.Debug|x64.ActiveCfg = Debug|Any CPU
		{717EB061-E78A-4D3D-BBD3-4548552E83C8}.Debug|x64.Build.0 = Debug|Any CPU
		{717EB061-E78A-4D3D-BBD3-4548552E83C8}.Debug|x86.ActiveCfg = Debug|Any CPU
		{717EB061-E78A-4D3D-BBD3-4548552E83C8}.Debug|x86.Build.0 = Debug|Any CPU
		{717EB061-E78A-4D3D-BBD3-4548552E83C8}.Release|Any CPU.ActiveCfg = Release|Any CPU
		{717EB061-E78A-4D3D-BBD3-4548552E83C8}.Release|Any CPU.Build.0 = Release|Any CPU
		{717EB061-E78A-4D3D-BBD3-4548552E83C8}.Release|x64.ActiveCfg = Release|Any CPU
		{717EB061-E78A-4D3D-BBD3-4548552E83C8}.Release|x64.Build.0 = Release|Any CPU
		{717EB061-E78A-4D3D-BBD3-4548552E83C8}.Release|x86.ActiveCfg = Release|Any CPU
		{717EB061-E78A-4D3D-BBD3-4548552E83C8}.Release|x86.Build.0 = Release|Any CPU
		{F691A17A-5ABE-4DF7-B44F-CDD8A0805CA3}.Debug|Any CPU.ActiveCfg = Debug|Any CPU
		{F691A17A-5ABE-4DF7-B44F-CDD8A0805CA3}.Debug|Any CPU.Build.0 = Debug|Any CPU
		{F691A17A-5ABE-4DF7-B44F-CDD8A0805CA3}.Debug|x64.ActiveCfg = Debug|Any CPU
		{F691A17A-5ABE-4DF7-B44F-CDD8A0805CA3}.Debug|x64.Build.0 = Debug|Any CPU
		{F691A17A-5ABE-4DF7-B44F-CDD8A0805CA3}.Debug|x86.ActiveCfg = Debug|Any CPU
		{F691A17A-5ABE-4DF7-B44F-CDD8A0805CA3}.Debug|x86.Build.0 = Debug|Any CPU
		{F691A17A-5ABE-4DF7-B44F-CDD8A0805CA3}.Release|Any CPU.ActiveCfg = Release|Any CPU
		{F691A17A-5ABE-4DF7-B44F-CDD8A0805CA3}.Release|Any CPU.Build.0 = Release|Any CPU
		{F691A17A-5ABE-4DF7-B44F-CDD8A0805CA3}.Release|x64.ActiveCfg = Release|Any CPU
		{F691A17A-5ABE-4DF7-B44F-CDD8A0805CA3}.Release|x64.Build.0 = Release|Any CPU
		{F691A17A-5ABE-4DF7-B44F-CDD8A0805CA3}.Release|x86.ActiveCfg = Release|Any CPU
		{F691A17A-5ABE-4DF7-B44F-CDD8A0805CA3}.Release|x86.Build.0 = Release|Any CPU
		{936035C3-49D2-4082-9F5F-AF03B59A745D}.Debug|Any CPU.ActiveCfg = Debug|Any CPU
		{936035C3-49D2-4082-9F5F-AF03B59A745D}.Debug|Any CPU.Build.0 = Debug|Any CPU
		{936035C3-49D2-4082-9F5F-AF03B59A745D}.Debug|x64.ActiveCfg = Debug|Any CPU
		{936035C3-49D2-4082-9F5F-AF03B59A745D}.Debug|x64.Build.0 = Debug|Any CPU
		{936035C3-49D2-4082-9F5F-AF03B59A745D}.Debug|x86.ActiveCfg = Debug|Any CPU
		{936035C3-49D2-4082-9F5F-AF03B59A745D}.Debug|x86.Build.0 = Debug|Any CPU
		{936035C3-49D2-4082-9F5F-AF03B59A745D}.Release|Any CPU.ActiveCfg = Release|Any CPU
		{936035C3-49D2-4082-9F5F-AF03B59A745D}.Release|Any CPU.Build.0 = Release|Any CPU
		{936035C3-49D2-4082-9F5F-AF03B59A745D}.Release|x64.ActiveCfg = Release|Any CPU
		{936035C3-49D2-4082-9F5F-AF03B59A745D}.Release|x64.Build.0 = Release|Any CPU
		{936035C3-49D2-4082-9F5F-AF03B59A745D}.Release|x86.ActiveCfg = Release|Any CPU
		{936035C3-49D2-4082-9F5F-AF03B59A745D}.Release|x86.Build.0 = Release|Any CPU
		{BD69467A-FD04-4FFB-BFF7-98EA098BB791}.Debug|Any CPU.ActiveCfg = Debug|Any CPU
		{BD69467A-FD04-4FFB-BFF7-98EA098BB791}.Debug|Any CPU.Build.0 = Debug|Any CPU
		{BD69467A-FD04-4FFB-BFF7-98EA098BB791}.Debug|x64.ActiveCfg = Debug|Any CPU
		{BD69467A-FD04-4FFB-BFF7-98EA098BB791}.Debug|x64.Build.0 = Debug|Any CPU
		{BD69467A-FD04-4FFB-BFF7-98EA098BB791}.Debug|x86.ActiveCfg = Debug|Any CPU
		{BD69467A-FD04-4FFB-BFF7-98EA098BB791}.Debug|x86.Build.0 = Debug|Any CPU
		{BD69467A-FD04-4FFB-BFF7-98EA098BB791}.Release|Any CPU.ActiveCfg = Release|Any CPU
		{BD69467A-FD04-4FFB-BFF7-98EA098BB791}.Release|Any CPU.Build.0 = Release|Any CPU
		{BD69467A-FD04-4FFB-BFF7-98EA098BB791}.Release|x64.ActiveCfg = Release|Any CPU
		{BD69467A-FD04-4FFB-BFF7-98EA098BB791}.Release|x64.Build.0 = Release|Any CPU
		{BD69467A-FD04-4FFB-BFF7-98EA098BB791}.Release|x86.ActiveCfg = Release|Any CPU
		{BD69467A-FD04-4FFB-BFF7-98EA098BB791}.Release|x86.Build.0 = Release|Any CPU
		{B8622BAD-1EF8-417E-B65D-3A82E1561A5E}.Debug|Any CPU.ActiveCfg = Debug|Any CPU
		{B8622BAD-1EF8-417E-B65D-3A82E1561A5E}.Debug|Any CPU.Build.0 = Debug|Any CPU
		{B8622BAD-1EF8-417E-B65D-3A82E1561A5E}.Debug|x64.ActiveCfg = Debug|Any CPU
		{B8622BAD-1EF8-417E-B65D-3A82E1561A5E}.Debug|x64.Build.0 = Debug|Any CPU
		{B8622BAD-1EF8-417E-B65D-3A82E1561A5E}.Debug|x86.ActiveCfg = Debug|Any CPU
		{B8622BAD-1EF8-417E-B65D-3A82E1561A5E}.Debug|x86.Build.0 = Debug|Any CPU
		{B8622BAD-1EF8-417E-B65D-3A82E1561A5E}.Release|Any CPU.ActiveCfg = Release|Any CPU
		{B8622BAD-1EF8-417E-B65D-3A82E1561A5E}.Release|Any CPU.Build.0 = Release|Any CPU
		{B8622BAD-1EF8-417E-B65D-3A82E1561A5E}.Release|x64.ActiveCfg = Release|Any CPU
		{B8622BAD-1EF8-417E-B65D-3A82E1561A5E}.Release|x64.Build.0 = Release|Any CPU
		{B8622BAD-1EF8-417E-B65D-3A82E1561A5E}.Release|x86.ActiveCfg = Release|Any CPU
		{B8622BAD-1EF8-417E-B65D-3A82E1561A5E}.Release|x86.Build.0 = Release|Any CPU
	EndGlobalSection
	GlobalSection(SolutionProperties) = preSolution
		HideSolutionNode = FALSE
	EndGlobalSection
	GlobalSection(NestedProjects) = preSolution
		{313161D4-A305-47FB-8935-D7C0A0CF4B3D} = {574B94A2-ECAB-4CE8-A86F-1C2FE2B1DCC6}
		{DFD6CB8D-D1FD-4712-8C4E-C611BBE12D08} = {574B94A2-ECAB-4CE8-A86F-1C2FE2B1DCC6}
		{D420804D-CABE-4221-93F1-E67F7526E331} = {574B94A2-ECAB-4CE8-A86F-1C2FE2B1DCC6}
		{2BC89F9D-8FC7-4E19-9D16-CC66E56E56AE} = {574B94A2-ECAB-4CE8-A86F-1C2FE2B1DCC6}
		{F13C082C-54A5-411C-A3BC-29315D7FD786} = {C3386F66-F346-445B-97B9-F99EAB3A49DC}
		{DA1FEC99-B530-4BF4-817E-A1C332F9C7B7} = {C3386F66-F346-445B-97B9-F99EAB3A49DC}
		{2D9C09CF-A6E0-4CC2-93D0-68AE6CA43B0A} = {E42CFF92-DBBE-425F-B5FE-9EBE45028D64}
		{12F66392-C6BD-483A-8708-2B7C472A04A5} = {E42CFF92-DBBE-425F-B5FE-9EBE45028D64}
		{A605A8DF-272C-4989-9BF6-E438FB895D78} = {1B2EB7D9-3EEC-4B4A-BC08-FD4BD0561E5D}
		{2BB15E13-3B72-4759-93AF-02735582C5F8} = {1B2EB7D9-3EEC-4B4A-BC08-FD4BD0561E5D}
		{3E119445-C804-46A4-95F7-39DE26793CA3} = {C0009D2D-D675-4476-AF6C-F59A1E60B366}
		{3881CF3E-83BB-426B-897A-4597E9AB92B4} = {C0009D2D-D675-4476-AF6C-F59A1E60B366}
		{D6A6AA33-F0A0-4311-86C2-518FC25C94E7} = {C0009D2D-D675-4476-AF6C-F59A1E60B366}
		{E6D9CC88-0F5D-41EA-87D2-239D94F794ED} = {C0009D2D-D675-4476-AF6C-F59A1E60B366}
		{8A2102DE-6DD2-477F-ADAE-51FC3BB19C7D} = {C0009D2D-D675-4476-AF6C-F59A1E60B366}
		{BE9918CF-FF36-4DDA-A7D0-AE2FEAE204C8} = {8CA89279-4505-4157-8333-7BA66BE5CD55}
		{A74D5534-1917-40DB-AEB8-50AC3764E096} = {E42CFF92-DBBE-425F-B5FE-9EBE45028D64}
		{28E684DF-1A53-4538-80B4-C1F96CC82D66} = {C3386F66-F346-445B-97B9-F99EAB3A49DC}
		{AF2BDC78-1A2D-438E-8FB2-8383D2DB324E} = {A5AC246B-1E67-43AB-A0EF-FDD50A04E25B}
		{3CFC38B6-8D03-4BB6-8742-5A3D3CD76F7C} = {A5AC246B-1E67-43AB-A0EF-FDD50A04E25B}
		{AE976E0B-2434-48BD-B683-1BC4BD019EEF} = {A5AC246B-1E67-43AB-A0EF-FDD50A04E25B}
		{7D900ED1-B54C-405F-ADB2-6C87A7A0EE02} = {574B94A2-ECAB-4CE8-A86F-1C2FE2B1DCC6}
		{C4CEE69E-DC28-4213-9706-6DD4D5352D37} = {8CA89279-4505-4157-8333-7BA66BE5CD55}
		{BAD9A0F6-0BE4-448B-B8F8-6AA6DDF7BB83} = {CB6B3450-EF7E-4612-961C-57977AC25DB7}
		{60AE2F10-71AF-40C8-957A-A2D57DA8DA85} = {CB6B3450-EF7E-4612-961C-57977AC25DB7}
		{7D696B55-C534-4557-8F76-DEE1A124B193} = {CB6B3450-EF7E-4612-961C-57977AC25DB7}
		{C4DE02E5-EAF6-4EFE-A8AD-867C06A580A8} = {C663D9E5-CC42-477E-87DD-BCB1D1C7C71F}
		{9BFF83FB-8DCA-48C3-932C-C98C432A2C9E} = {C663D9E5-CC42-477E-87DD-BCB1D1C7C71F}
		{0F6BB4BD-40C1-4381-A402-48DE3C11FBE9} = {CB6B3450-EF7E-4612-961C-57977AC25DB7}
		{F3D4AB0E-21BF-43A3-A989-068975322D65} = {75B65C56-2CED-4504-97D6-BB5CE85F72C2}
		{AAE9A422-C514-44FB-8A78-CF6B2DE5CE04} = {75B65C56-2CED-4504-97D6-BB5CE85F72C2}
		{071ED254-6E2B-4566-A9EF-4C71AFD99173} = {75B65C56-2CED-4504-97D6-BB5CE85F72C2}
		{C4E6F31E-2C93-40B4-9919-F9610AB9048E} = {0FC6525E-EF3D-49FB-B952-01EAA6ABBC02}
		{CCB49E67-7F01-4304-89BB-3FFC367D4458} = {0FC6525E-EF3D-49FB-B952-01EAA6ABBC02}
		{717EB061-E78A-4D3D-BBD3-4548552E83C8} = {0FC6525E-EF3D-49FB-B952-01EAA6ABBC02}
		{F691A17A-5ABE-4DF7-B44F-CDD8A0805CA3} = {586B9323-D7B6-4B89-8AFC-AA14BDD26BE0}
		{936035C3-49D2-4082-9F5F-AF03B59A745D} = {586B9323-D7B6-4B89-8AFC-AA14BDD26BE0}
		{BD69467A-FD04-4FFB-BFF7-98EA098BB791} = {586B9323-D7B6-4B89-8AFC-AA14BDD26BE0}
		{B8622BAD-1EF8-417E-B65D-3A82E1561A5E} = {586B9323-D7B6-4B89-8AFC-AA14BDD26BE0}
	EndGlobalSection
	GlobalSection(ExtensibilityGlobals) = postSolution
		SolutionGuid = {D76A61D6-AF5A-4717-9128-A3189C7723F4}
	EndGlobalSection
EndGlobal
