
Microsoft Visual Studio Solution File, Format Version 12.00
# Visual Studio 15
VisualStudioVersion = 15.0.27703.2042
MinimumVisualStudioVersion = 10.0.40219.1
Project("{2150E333-8FDC-42A3-9474-1A3956D46DE8}") = "TengDa", "TengDa", "{574B94A2-ECAB-4CE8-A86F-1C2FE2B1DCC6}"
EndProject
Project("{FAE04EC0-301F-11D3-BF4B-00C04F79EFBC}") = "TengDa", "TengDa\TengDa\TengDa.csproj", "{313161D4-A305-47FB-8935-D7C0A0CF4B3D}"
EndProject
Project("{FAE04EC0-301F-11D3-BF4B-00C04F79EFBC}") = "TengDa.WF", "TengDa\TengDa.WF\TengDa.WF.csproj", "{DFD6CB8D-D1FD-4712-8C4E-C611BBE12D08}"
EndProject
Project("{FAE04EC0-301F-11D3-BF4B-00C04F79EFBC}") = "TengDa.WF.Controls", "TengDa\TengDa.WF.Controls\TengDa.WF.Controls.csproj", "{D420804D-CABE-4221-93F1-E67F7526E331}"
EndProject
Project("{FAE04EC0-301F-11D3-BF4B-00C04F79EFBC}") = "TengDa.Wpf", "TengDa\TengDa.Wpf\TengDa.Wpf.csproj", "{2BC89F9D-8FC7-4E19-9D16-CC66E56E56AE}"
EndProject
Project("{2150E333-8FDC-42A3-9474-1A3956D46DE8}") = "Outstanding", "Outstanding", "{C3386F66-F346-445B-97B9-F99EAB3A49DC}"
EndProject
Project("{FAE04EC0-301F-11D3-BF4B-00C04F79EFBC}") = "Outstanding.Dispatcher", "Outstanding\Outstanding.Dispatcher\Outstanding.Dispatcher.csproj", "{F13C082C-54A5-411C-A3BC-29315D7FD786}"
EndProject
Project("{FAE04EC0-301F-11D3-BF4B-00C04F79EFBC}") = "Outstanding.Dispatcher.App", "Outstanding\Outstanding.Dispatcher.App\Outstanding.Dispatcher.App.csproj", "{DA1FEC99-B530-4BF4-817E-A1C332F9C7B7}"
EndProject
Project("{2150E333-8FDC-42A3-9474-1A3956D46DE8}") = "TengDa.Helper", "TengDa.Helper", "{E42CFF92-DBBE-425F-B5FE-9EBE45028D64}"
EndProject
Project("{FAE04EC0-301F-11D3-BF4B-00C04F79EFBC}") = "TengDa.Helper.Scaner", "TengDa\TengDa.Helper\TengDa.Helper.Scaner\TengDa.Helper.Scaner.csproj", "{2D9C09CF-A6E0-4CC2-93D0-68AE6CA43B0A}"
EndProject
Project("{FAE04EC0-301F-11D3-BF4B-00C04F79EFBC}") = "TengDa.Helper.TcpServer", "TengDa\TengDa.Helper\TengDa.Helper.TcpServer\TengDa.Helper.TcpServer.csproj", "{12F66392-C6BD-483A-8708-2B7C472A04A5}"
EndProject
Project("{2150E333-8FDC-42A3-9474-1A3956D46DE8}") = "Veken", "Veken", "{1B2EB7D9-3EEC-4B4A-BC08-FD4BD0561E5D}"
EndProject
Project("{FAE04EC0-301F-11D3-BF4B-00C04F79EFBC}") = "Veken.Baking", "Veken\Veken.Baking\Veken.Baking.csproj", "{A605A8DF-272C-4989-9BF6-E438FB895D78}"
EndProject
Project("{FAE04EC0-301F-11D3-BF4B-00C04F79EFBC}") = "Veken.Baking.App", "Veken\Veken.Baking.App\Veken.Baking.App.csproj", "{2BB15E13-3B72-4759-93AF-02735582C5F8}"
EndProject
Project("{2150E333-8FDC-42A3-9474-1A3956D46DE8}") = "Zopoise", "Zopoise", "{C663D9E5-CC42-477E-87DD-BCB1D1C7C71F}"
EndProject
Project("{FAE04EC0-301F-11D3-BF4B-00C04F79EFBC}") = "Zopoise.Scada.App", "Zopoise\Zopoise.Scada.App\Zopoise.Scada.App.csproj", "{C4DE02E5-EAF6-4EFE-A8AD-867C06A580A8}"
EndProject
Project("{2150E333-8FDC-42A3-9474-1A3956D46DE8}") = "Tafel", "Tafel", "{C0009D2D-D675-4476-AF6C-F59A1E60B366}"
EndProject
Project("{FAE04EC0-301F-11D3-BF4B-00C04F79EFBC}") = "Tafel.MES", "Tafel\Tafel.MES\Tafel.MES.csproj", "{3E119445-C804-46A4-95F7-39DE26793CA3}"
EndProject
Project("{FAE04EC0-301F-11D3-BF4B-00C04F79EFBC}") = "Tafel.ScanSystem", "Tafel\Tafel.ScanSystem\Tafel.ScanSystem.csproj", "{3881CF3E-83BB-426B-897A-4597E9AB92B4}"
EndProject
Project("{FAE04EC0-301F-11D3-BF4B-00C04F79EFBC}") = "Tafel.ScanSystem.App", "Tafel\Tafel.ScanSystem.App\Tafel.ScanSystem.App.csproj", "{D6A6AA33-F0A0-4311-86C2-518FC25C94E7}"
EndProject
Project("{FAE04EC0-301F-11D3-BF4B-00C04F79EFBC}") = "Tafel.Hipot.App", "Tafel\Tafel.Hipot.App\Tafel.Hipot.App.csproj", "{E6D9CC88-0F5D-41EA-87D2-239D94F794ED}"
EndProject
Project("{54435603-DBB4-11D2-8724-00A0C9A8B90C}") = "Tafel.Hipot.App.Installer", "Tafel\Tafel.Hipot.App.Installer\Tafel.Hipot.App.Installer.vdproj", "{8A2102DE-6DD2-477F-ADAE-51FC3BB19C7D}"
EndProject
Project("{2150E333-8FDC-42A3-9474-1A3956D46DE8}") = "TengDa.Test", "TengDa.Test", "{8CA89279-4505-4157-8333-7BA66BE5CD55}"
EndProject
Project("{FAE04EC0-301F-11D3-BF4B-00C04F79EFBC}") = "TestCef", "Test\TestCef\TestCef.csproj", "{BE9918CF-FF36-4DDA-A7D0-AE2FEAE204C8}"
EndProject
Project("{FAE04EC0-301F-11D3-BF4B-00C04F79EFBC}") = "Jtzhang.Helper.TcpServer", "TengDa\TengDa.Helper\Jtzhang.Helper.TcpServer\Jtzhang.Helper.TcpServer.csproj", "{A74D5534-1917-40DB-AEB8-50AC3764E096}"
EndProject
Project("{FAE04EC0-301F-11D3-BF4B-00C04F79EFBC}") = "Outstanding.Dispatcher.Controls", "Outstanding\Outstanding.Dispatcher.Controls\Outstanding.Dispatcher.Controls.csproj", "{28E684DF-1A53-4538-80B4-C1F96CC82D66}"
EndProject
Project("{2150E333-8FDC-42A3-9474-1A3956D46DE8}") = "Bak", "Bak", "{B43C3F47-4CB4-4034-BD09-1A287876DDD4}"
EndProject
Project("{FAE04EC0-301F-11D3-BF4B-00C04F79EFBC}") = "Bak.fanuc.Test", "Bak\Bak.fanuc.Test\Bak.fanuc.Test.csproj", "{3E7F9436-9E01-4B3A-865A-AF0EBE630099}"
EndProject
Global
	GlobalSection(SolutionConfigurationPlatforms) = preSolution
		Debug|Any CPU = Debug|Any CPU
		Debug|x64 = Debug|x64
		Debug|x86 = Debug|x86
		Release|Any CPU = Release|Any CPU
		Release|x64 = Release|x64
		Release|x86 = Release|x86
	EndGlobalSection
	GlobalSection(ProjectConfigurationPlatforms) = postSolution
		{313161D4-A305-47FB-8935-D7C0A0CF4B3D}.Debug|Any CPU.ActiveCfg = Debug|Any CPU
		{313161D4-A305-47FB-8935-D7C0A0CF4B3D}.Debug|Any CPU.Build.0 = Debug|Any CPU
		{313161D4-A305-47FB-8935-D7C0A0CF4B3D}.Debug|x64.ActiveCfg = Debug|Any CPU
		{313161D4-A305-47FB-8935-D7C0A0CF4B3D}.Debug|x64.Build.0 = Debug|Any CPU
		{313161D4-A305-47FB-8935-D7C0A0CF4B3D}.Debug|x86.ActiveCfg = Debug|Any CPU
		{313161D4-A305-47FB-8935-D7C0A0CF4B3D}.Debug|x86.Build.0 = Debug|Any CPU
		{313161D4-A305-47FB-8935-D7C0A0CF4B3D}.Release|Any CPU.ActiveCfg = Release|Any CPU
		{313161D4-A305-47FB-8935-D7C0A0CF4B3D}.Release|Any CPU.Build.0 = Release|Any CPU
		{313161D4-A305-47FB-8935-D7C0A0CF4B3D}.Release|x64.ActiveCfg = Release|Any CPU
		{313161D4-A305-47FB-8935-D7C0A0CF4B3D}.Release|x64.Build.0 = Release|Any CPU
		{313161D4-A305-47FB-8935-D7C0A0CF4B3D}.Release|x86.ActiveCfg = Release|Any CPU
		{313161D4-A305-47FB-8935-D7C0A0CF4B3D}.Release|x86.Build.0 = Release|Any CPU
		{DFD6CB8D-D1FD-4712-8C4E-C611BBE12D08}.Debug|Any CPU.ActiveCfg = Debug|Any CPU
		{DFD6CB8D-D1FD-4712-8C4E-C611BBE12D08}.Debug|Any CPU.Build.0 = Debug|Any CPU
		{DFD6CB8D-D1FD-4712-8C4E-C611BBE12D08}.Debug|x64.ActiveCfg = Debug|Any CPU
		{DFD6CB8D-D1FD-4712-8C4E-C611BBE12D08}.Debug|x64.Build.0 = Debug|Any CPU
		{DFD6CB8D-D1FD-4712-8C4E-C611BBE12D08}.Debug|x86.ActiveCfg = Debug|Any CPU
		{DFD6CB8D-D1FD-4712-8C4E-C611BBE12D08}.Debug|x86.Build.0 = Debug|Any CPU
		{DFD6CB8D-D1FD-4712-8C4E-C611BBE12D08}.Release|Any CPU.ActiveCfg = Release|Any CPU
		{DFD6CB8D-D1FD-4712-8C4E-C611BBE12D08}.Release|Any CPU.Build.0 = Release|Any CPU
		{DFD6CB8D-D1FD-4712-8C4E-C611BBE12D08}.Release|x64.ActiveCfg = Release|Any CPU
		{DFD6CB8D-D1FD-4712-8C4E-C611BBE12D08}.Release|x64.Build.0 = Release|Any CPU
		{DFD6CB8D-D1FD-4712-8C4E-C611BBE12D08}.Release|x86.ActiveCfg = Release|Any CPU
		{DFD6CB8D-D1FD-4712-8C4E-C611BBE12D08}.Release|x86.Build.0 = Release|Any CPU
		{D420804D-CABE-4221-93F1-E67F7526E331}.Debug|Any CPU.ActiveCfg = Debug|Any CPU
		{D420804D-CABE-4221-93F1-E67F7526E331}.Debug|Any CPU.Build.0 = Debug|Any CPU
		{D420804D-CABE-4221-93F1-E67F7526E331}.Debug|x64.ActiveCfg = Debug|Any CPU
		{D420804D-CABE-4221-93F1-E67F7526E331}.Debug|x64.Build.0 = Debug|Any CPU
		{D420804D-CABE-4221-93F1-E67F7526E331}.Debug|x86.ActiveCfg = Debug|Any CPU
		{D420804D-CABE-4221-93F1-E67F7526E331}.Debug|x86.Build.0 = Debug|Any CPU
		{D420804D-CABE-4221-93F1-E67F7526E331}.Release|Any CPU.ActiveCfg = Release|Any CPU
		{D420804D-CABE-4221-93F1-E67F7526E331}.Release|Any CPU.Build.0 = Release|Any CPU
		{D420804D-CABE-4221-93F1-E67F7526E331}.Release|x64.ActiveCfg = Release|Any CPU
		{D420804D-CABE-4221-93F1-E67F7526E331}.Release|x64.Build.0 = Release|Any CPU
		{D420804D-CABE-4221-93F1-E67F7526E331}.Release|x86.ActiveCfg = Release|Any CPU
		{D420804D-CABE-4221-93F1-E67F7526E331}.Release|x86.Build.0 = Release|Any CPU
		{2BC89F9D-8FC7-4E19-9D16-CC66E56E56AE}.Debug|Any CPU.ActiveCfg = Debug|Any CPU
		{2BC89F9D-8FC7-4E19-9D16-CC66E56E56AE}.Debug|Any CPU.Build.0 = Debug|Any CPU
		{2BC89F9D-8FC7-4E19-9D16-CC66E56E56AE}.Debug|x64.ActiveCfg = Debug|Any CPU
		{2BC89F9D-8FC7-4E19-9D16-CC66E56E56AE}.Debug|x64.Build.0 = Debug|Any CPU
		{2BC89F9D-8FC7-4E19-9D16-CC66E56E56AE}.Debug|x86.ActiveCfg = Debug|Any CPU
		{2BC89F9D-8FC7-4E19-9D16-CC66E56E56AE}.Debug|x86.Build.0 = Debug|Any CPU
		{2BC89F9D-8FC7-4E19-9D16-CC66E56E56AE}.Release|Any CPU.ActiveCfg = Release|Any CPU
		{2BC89F9D-8FC7-4E19-9D16-CC66E56E56AE}.Release|Any CPU.Build.0 = Release|Any CPU
		{2BC89F9D-8FC7-4E19-9D16-CC66E56E56AE}.Release|x64.ActiveCfg = Release|Any CPU
		{2BC89F9D-8FC7-4E19-9D16-CC66E56E56AE}.Release|x64.Build.0 = Release|Any CPU
		{2BC89F9D-8FC7-4E19-9D16-CC66E56E56AE}.Release|x86.ActiveCfg = Release|Any CPU
		{2BC89F9D-8FC7-4E19-9D16-CC66E56E56AE}.Release|x86.Build.0 = Release|Any CPU
		{F13C082C-54A5-411C-A3BC-29315D7FD786}.Debug|Any CPU.ActiveCfg = Debug|Any CPU
		{F13C082C-54A5-411C-A3BC-29315D7FD786}.Debug|Any CPU.Build.0 = Debug|Any CPU
		{F13C082C-54A5-411C-A3BC-29315D7FD786}.Debug|x64.ActiveCfg = Debug|Any CPU
		{F13C082C-54A5-411C-A3BC-29315D7FD786}.Debug|x64.Build.0 = Debug|Any CPU
		{F13C082C-54A5-411C-A3BC-29315D7FD786}.Debug|x86.ActiveCfg = Debug|Any CPU
		{F13C082C-54A5-411C-A3BC-29315D7FD786}.Debug|x86.Build.0 = Debug|Any CPU
		{F13C082C-54A5-411C-A3BC-29315D7FD786}.Release|Any CPU.ActiveCfg = Release|Any CPU
		{F13C082C-54A5-411C-A3BC-29315D7FD786}.Release|Any CPU.Build.0 = Release|Any CPU
		{F13C082C-54A5-411C-A3BC-29315D7FD786}.Release|x64.ActiveCfg = Release|Any CPU
		{F13C082C-54A5-411C-A3BC-29315D7FD786}.Release|x64.Build.0 = Release|Any CPU
		{F13C082C-54A5-411C-A3BC-29315D7FD786}.Release|x86.ActiveCfg = Release|Any CPU
		{F13C082C-54A5-411C-A3BC-29315D7FD786}.Release|x86.Build.0 = Release|Any CPU
		{DA1FEC99-B530-4BF4-817E-A1C332F9C7B7}.Debug|Any CPU.ActiveCfg = Debug|Any CPU
		{DA1FEC99-B530-4BF4-817E-A1C332F9C7B7}.Debug|Any CPU.Build.0 = Debug|Any CPU
		{DA1FEC99-B530-4BF4-817E-A1C332F9C7B7}.Debug|x64.ActiveCfg = Debug|Any CPU
		{DA1FEC99-B530-4BF4-817E-A1C332F9C7B7}.Debug|x64.Build.0 = Debug|Any CPU
		{DA1FEC99-B530-4BF4-817E-A1C332F9C7B7}.Debug|x86.ActiveCfg = Debug|Any CPU
		{DA1FEC99-B530-4BF4-817E-A1C332F9C7B7}.Debug|x86.Build.0 = Debug|Any CPU
		{DA1FEC99-B530-4BF4-817E-A1C332F9C7B7}.Release|Any CPU.ActiveCfg = Release|Any CPU
		{DA1FEC99-B530-4BF4-817E-A1C332F9C7B7}.Release|Any CPU.Build.0 = Release|Any CPU
		{DA1FEC99-B530-4BF4-817E-A1C332F9C7B7}.Release|x64.ActiveCfg = Release|Any CPU
		{DA1FEC99-B530-4BF4-817E-A1C332F9C7B7}.Release|x64.Build.0 = Release|Any CPU
		{DA1FEC99-B530-4BF4-817E-A1C332F9C7B7}.Release|x86.ActiveCfg = Release|Any CPU
		{DA1FEC99-B530-4BF4-817E-A1C332F9C7B7}.Release|x86.Build.0 = Release|Any CPU
		{2D9C09CF-A6E0-4CC2-93D0-68AE6CA43B0A}.Debug|Any CPU.ActiveCfg = Debug|Any CPU
		{2D9C09CF-A6E0-4CC2-93D0-68AE6CA43B0A}.Debug|Any CPU.Build.0 = Debug|Any CPU
		{2D9C09CF-A6E0-4CC2-93D0-68AE6CA43B0A}.Debug|x64.ActiveCfg = Debug|Any CPU
		{2D9C09CF-A6E0-4CC2-93D0-68AE6CA43B0A}.Debug|x64.Build.0 = Debug|Any CPU
		{2D9C09CF-A6E0-4CC2-93D0-68AE6CA43B0A}.Debug|x86.ActiveCfg = Debug|Any CPU
		{2D9C09CF-A6E0-4CC2-93D0-68AE6CA43B0A}.Debug|x86.Build.0 = Debug|Any CPU
		{2D9C09CF-A6E0-4CC2-93D0-68AE6CA43B0A}.Release|Any CPU.ActiveCfg = Release|Any CPU
		{2D9C09CF-A6E0-4CC2-93D0-68AE6CA43B0A}.Release|Any CPU.Build.0 = Release|Any CPU
		{2D9C09CF-A6E0-4CC2-93D0-68AE6CA43B0A}.Release|x64.ActiveCfg = Release|Any CPU
		{2D9C09CF-A6E0-4CC2-93D0-68AE6CA43B0A}.Release|x64.Build.0 = Release|Any CPU
		{2D9C09CF-A6E0-4CC2-93D0-68AE6CA43B0A}.Release|x86.ActiveCfg = Release|Any CPU
		{2D9C09CF-A6E0-4CC2-93D0-68AE6CA43B0A}.Release|x86.Build.0 = Release|Any CPU
		{12F66392-C6BD-483A-8708-2B7C472A04A5}.Debug|Any CPU.ActiveCfg = Debug|Any CPU
		{12F66392-C6BD-483A-8708-2B7C472A04A5}.Debug|Any CPU.Build.0 = Debug|Any CPU
		{12F66392-C6BD-483A-8708-2B7C472A04A5}.Debug|x64.ActiveCfg = Debug|Any CPU
		{12F66392-C6BD-483A-8708-2B7C472A04A5}.Debug|x64.Build.0 = Debug|Any CPU
		{12F66392-C6BD-483A-8708-2B7C472A04A5}.Debug|x86.ActiveCfg = Debug|Any CPU
		{12F66392-C6BD-483A-8708-2B7C472A04A5}.Debug|x86.Build.0 = Debug|Any CPU
		{12F66392-C6BD-483A-8708-2B7C472A04A5}.Release|Any CPU.ActiveCfg = Release|Any CPU
		{12F66392-C6BD-483A-8708-2B7C472A04A5}.Release|Any CPU.Build.0 = Release|Any CPU
		{12F66392-C6BD-483A-8708-2B7C472A04A5}.Release|x64.ActiveCfg = Release|Any CPU
		{12F66392-C6BD-483A-8708-2B7C472A04A5}.Release|x64.Build.0 = Release|Any CPU
		{12F66392-C6BD-483A-8708-2B7C472A04A5}.Release|x86.ActiveCfg = Release|Any CPU
		{12F66392-C6BD-483A-8708-2B7C472A04A5}.Release|x86.Build.0 = Release|Any CPU
		{A605A8DF-272C-4989-9BF6-E438FB895D78}.Debug|Any CPU.ActiveCfg = Debug|Any CPU
		{A605A8DF-272C-4989-9BF6-E438FB895D78}.Debug|Any CPU.Build.0 = Debug|Any CPU
		{A605A8DF-272C-4989-9BF6-E438FB895D78}.Debug|x64.ActiveCfg = Debug|Any CPU
		{A605A8DF-272C-4989-9BF6-E438FB895D78}.Debug|x64.Build.0 = Debug|Any CPU
		{A605A8DF-272C-4989-9BF6-E438FB895D78}.Debug|x86.ActiveCfg = Debug|Any CPU
		{A605A8DF-272C-4989-9BF6-E438FB895D78}.Debug|x86.Build.0 = Debug|Any CPU
		{A605A8DF-272C-4989-9BF6-E438FB895D78}.Release|Any CPU.ActiveCfg = Release|Any CPU
		{A605A8DF-272C-4989-9BF6-E438FB895D78}.Release|Any CPU.Build.0 = Release|Any CPU
		{A605A8DF-272C-4989-9BF6-E438FB895D78}.Release|x64.ActiveCfg = Release|Any CPU
		{A605A8DF-272C-4989-9BF6-E438FB895D78}.Release|x64.Build.0 = Release|Any CPU
		{A605A8DF-272C-4989-9BF6-E438FB895D78}.Release|x86.ActiveCfg = Release|Any CPU
		{A605A8DF-272C-4989-9BF6-E438FB895D78}.Release|x86.Build.0 = Release|Any CPU
		{2BB15E13-3B72-4759-93AF-02735582C5F8}.Debug|Any CPU.ActiveCfg = Debug|Any CPU
		{2BB15E13-3B72-4759-93AF-02735582C5F8}.Debug|Any CPU.Build.0 = Debug|Any CPU
		{2BB15E13-3B72-4759-93AF-02735582C5F8}.Debug|x64.ActiveCfg = Debug|Any CPU
		{2BB15E13-3B72-4759-93AF-02735582C5F8}.Debug|x64.Build.0 = Debug|Any CPU
		{2BB15E13-3B72-4759-93AF-02735582C5F8}.Debug|x86.ActiveCfg = Debug|Any CPU
		{2BB15E13-3B72-4759-93AF-02735582C5F8}.Debug|x86.Build.0 = Debug|Any CPU
		{2BB15E13-3B72-4759-93AF-02735582C5F8}.Release|Any CPU.ActiveCfg = Release|Any CPU
		{2BB15E13-3B72-4759-93AF-02735582C5F8}.Release|Any CPU.Build.0 = Release|Any CPU
		{2BB15E13-3B72-4759-93AF-02735582C5F8}.Release|x64.ActiveCfg = Release|Any CPU
		{2BB15E13-3B72-4759-93AF-02735582C5F8}.Release|x64.Build.0 = Release|Any CPU
		{2BB15E13-3B72-4759-93AF-02735582C5F8}.Release|x86.ActiveCfg = Release|Any CPU
		{2BB15E13-3B72-4759-93AF-02735582C5F8}.Release|x86.Build.0 = Release|Any CPU
		{C4DE02E5-EAF6-4EFE-A8AD-867C06A580A8}.Debug|Any CPU.ActiveCfg = Debug|Any CPU
		{C4DE02E5-EAF6-4EFE-A8AD-867C06A580A8}.Debug|Any CPU.Build.0 = Debug|Any CPU
		{C4DE02E5-EAF6-4EFE-A8AD-867C06A580A8}.Debug|x64.ActiveCfg = Debug|Any CPU
		{C4DE02E5-EAF6-4EFE-A8AD-867C06A580A8}.Debug|x64.Build.0 = Debug|Any CPU
		{C4DE02E5-EAF6-4EFE-A8AD-867C06A580A8}.Debug|x86.ActiveCfg = Debug|Any CPU
		{C4DE02E5-EAF6-4EFE-A8AD-867C06A580A8}.Debug|x86.Build.0 = Debug|Any CPU
		{C4DE02E5-EAF6-4EFE-A8AD-867C06A580A8}.Release|Any CPU.ActiveCfg = Release|Any CPU
		{C4DE02E5-EAF6-4EFE-A8AD-867C06A580A8}.Release|Any CPU.Build.0 = Release|Any CPU
		{C4DE02E5-EAF6-4EFE-A8AD-867C06A580A8}.Release|x64.ActiveCfg = Release|Any CPU
		{C4DE02E5-EAF6-4EFE-A8AD-867C06A580A8}.Release|x64.Build.0 = Release|Any CPU
		{C4DE02E5-EAF6-4EFE-A8AD-867C06A580A8}.Release|x86.ActiveCfg = Release|Any CPU
		{C4DE02E5-EAF6-4EFE-A8AD-867C06A580A8}.Release|x86.Build.0 = Release|Any CPU
		{3E119445-C804-46A4-95F7-39DE26793CA3}.Debug|Any CPU.ActiveCfg = Debug|Any CPU
		{3E119445-C804-46A4-95F7-39DE26793CA3}.Debug|Any CPU.Build.0 = Debug|Any CPU
		{3E119445-C804-46A4-95F7-39DE26793CA3}.Debug|x64.ActiveCfg = Debug|Any CPU
		{3E119445-C804-46A4-95F7-39DE26793CA3}.Debug|x64.Build.0 = Debug|Any CPU
		{3E119445-C804-46A4-95F7-39DE26793CA3}.Debug|x86.ActiveCfg = Debug|Any CPU
		{3E119445-C804-46A4-95F7-39DE26793CA3}.Debug|x86.Build.0 = Debug|Any CPU
		{3E119445-C804-46A4-95F7-39DE26793CA3}.Release|Any CPU.ActiveCfg = Release|Any CPU
		{3E119445-C804-46A4-95F7-39DE26793CA3}.Release|Any CPU.Build.0 = Release|Any CPU
		{3E119445-C804-46A4-95F7-39DE26793CA3}.Release|x64.ActiveCfg = Release|Any CPU
		{3E119445-C804-46A4-95F7-39DE26793CA3}.Release|x64.Build.0 = Release|Any CPU
		{3E119445-C804-46A4-95F7-39DE26793CA3}.Release|x86.ActiveCfg = Release|Any CPU
		{3E119445-C804-46A4-95F7-39DE26793CA3}.Release|x86.Build.0 = Release|Any CPU
		{3881CF3E-83BB-426B-897A-4597E9AB92B4}.Debug|Any CPU.ActiveCfg = Debug|Any CPU
		{3881CF3E-83BB-426B-897A-4597E9AB92B4}.Debug|Any CPU.Build.0 = Debug|Any CPU
		{3881CF3E-83BB-426B-897A-4597E9AB92B4}.Debug|x64.ActiveCfg = Debug|Any CPU
		{3881CF3E-83BB-426B-897A-4597E9AB92B4}.Debug|x64.Build.0 = Debug|Any CPU
		{3881CF3E-83BB-426B-897A-4597E9AB92B4}.Debug|x86.ActiveCfg = Debug|Any CPU
		{3881CF3E-83BB-426B-897A-4597E9AB92B4}.Debug|x86.Build.0 = Debug|Any CPU
		{3881CF3E-83BB-426B-897A-4597E9AB92B4}.Release|Any CPU.ActiveCfg = Release|Any CPU
		{3881CF3E-83BB-426B-897A-4597E9AB92B4}.Release|Any CPU.Build.0 = Release|Any CPU
		{3881CF3E-83BB-426B-897A-4597E9AB92B4}.Release|x64.ActiveCfg = Release|Any CPU
		{3881CF3E-83BB-426B-897A-4597E9AB92B4}.Release|x64.Build.0 = Release|Any CPU
		{3881CF3E-83BB-426B-897A-4597E9AB92B4}.Release|x86.ActiveCfg = Release|Any CPU
		{3881CF3E-83BB-426B-897A-4597E9AB92B4}.Release|x86.Build.0 = Release|Any CPU
		{D6A6AA33-F0A0-4311-86C2-518FC25C94E7}.Debug|Any CPU.ActiveCfg = Debug|Any CPU
		{D6A6AA33-F0A0-4311-86C2-518FC25C94E7}.Debug|Any CPU.Build.0 = Debug|Any CPU
		{D6A6AA33-F0A0-4311-86C2-518FC25C94E7}.Debug|x64.ActiveCfg = Debug|Any CPU
		{D6A6AA33-F0A0-4311-86C2-518FC25C94E7}.Debug|x64.Build.0 = Debug|Any CPU
		{D6A6AA33-F0A0-4311-86C2-518FC25C94E7}.Debug|x86.ActiveCfg = Debug|Any CPU
		{D6A6AA33-F0A0-4311-86C2-518FC25C94E7}.Debug|x86.Build.0 = Debug|Any CPU
		{D6A6AA33-F0A0-4311-86C2-518FC25C94E7}.Release|Any CPU.ActiveCfg = Release|Any CPU
		{D6A6AA33-F0A0-4311-86C2-518FC25C94E7}.Release|Any CPU.Build.0 = Release|Any CPU
		{D6A6AA33-F0A0-4311-86C2-518FC25C94E7}.Release|x64.ActiveCfg = Release|Any CPU
		{D6A6AA33-F0A0-4311-86C2-518FC25C94E7}.Release|x64.Build.0 = Release|Any CPU
		{D6A6AA33-F0A0-4311-86C2-518FC25C94E7}.Release|x86.ActiveCfg = Release|Any CPU
		{D6A6AA33-F0A0-4311-86C2-518FC25C94E7}.Release|x86.Build.0 = Release|Any CPU
		{E6D9CC88-0F5D-41EA-87D2-239D94F794ED}.Debug|Any CPU.ActiveCfg = Debug|Any CPU
		{E6D9CC88-0F5D-41EA-87D2-239D94F794ED}.Debug|Any CPU.Build.0 = Debug|Any CPU
		{E6D9CC88-0F5D-41EA-87D2-239D94F794ED}.Debug|x64.ActiveCfg = Debug|Any CPU
		{E6D9CC88-0F5D-41EA-87D2-239D94F794ED}.Debug|x64.Build.0 = Debug|Any CPU
		{E6D9CC88-0F5D-41EA-87D2-239D94F794ED}.Debug|x86.ActiveCfg = Debug|Any CPU
		{E6D9CC88-0F5D-41EA-87D2-239D94F794ED}.Debug|x86.Build.0 = Debug|Any CPU
		{E6D9CC88-0F5D-41EA-87D2-239D94F794ED}.Release|Any CPU.ActiveCfg = Release|Any CPU
		{E6D9CC88-0F5D-41EA-87D2-239D94F794ED}.Release|Any CPU.Build.0 = Release|Any CPU
		{E6D9CC88-0F5D-41EA-87D2-239D94F794ED}.Release|x64.ActiveCfg = Release|Any CPU
		{E6D9CC88-0F5D-41EA-87D2-239D94F794ED}.Release|x64.Build.0 = Release|Any CPU
		{E6D9CC88-0F5D-41EA-87D2-239D94F794ED}.Release|x86.ActiveCfg = Release|Any CPU
		{E6D9CC88-0F5D-41EA-87D2-239D94F794ED}.Release|x86.Build.0 = Release|Any CPU
		{8A2102DE-6DD2-477F-ADAE-51FC3BB19C7D}.Debug|Any CPU.ActiveCfg = Debug
		{8A2102DE-6DD2-477F-ADAE-51FC3BB19C7D}.Debug|x64.ActiveCfg = Debug
		{8A2102DE-6DD2-477F-ADAE-51FC3BB19C7D}.Debug|x64.Build.0 = Debug
		{8A2102DE-6DD2-477F-ADAE-51FC3BB19C7D}.Debug|x86.ActiveCfg = Debug
		{8A2102DE-6DD2-477F-ADAE-51FC3BB19C7D}.Debug|x86.Build.0 = Debug
		{8A2102DE-6DD2-477F-ADAE-51FC3BB19C7D}.Release|Any CPU.ActiveCfg = Release
		{8A2102DE-6DD2-477F-ADAE-51FC3BB19C7D}.Release|x64.ActiveCfg = Release
		{8A2102DE-6DD2-477F-ADAE-51FC3BB19C7D}.Release|x64.Build.0 = Release
		{8A2102DE-6DD2-477F-ADAE-51FC3BB19C7D}.Release|x86.ActiveCfg = Release
		{8A2102DE-6DD2-477F-ADAE-51FC3BB19C7D}.Release|x86.Build.0 = Release
		{BE9918CF-FF36-4DDA-A7D0-AE2FEAE204C8}.Debug|Any CPU.ActiveCfg = Debug|Any CPU
		{BE9918CF-FF36-4DDA-A7D0-AE2FEAE204C8}.Debug|Any CPU.Build.0 = Debug|Any CPU
		{BE9918CF-FF36-4DDA-A7D0-AE2FEAE204C8}.Debug|x64.ActiveCfg = Debug|x64
		{BE9918CF-FF36-4DDA-A7D0-AE2FEAE204C8}.Debug|x64.Build.0 = Debug|x64
		{BE9918CF-FF36-4DDA-A7D0-AE2FEAE204C8}.Debug|x86.ActiveCfg = Debug|Any CPU
		{BE9918CF-FF36-4DDA-A7D0-AE2FEAE204C8}.Debug|x86.Build.0 = Debug|Any CPU
		{BE9918CF-FF36-4DDA-A7D0-AE2FEAE204C8}.Release|Any CPU.ActiveCfg = Release|Any CPU
		{BE9918CF-FF36-4DDA-A7D0-AE2FEAE204C8}.Release|Any CPU.Build.0 = Release|Any CPU
		{BE9918CF-FF36-4DDA-A7D0-AE2FEAE204C8}.Release|x64.ActiveCfg = Release|x64
		{BE9918CF-FF36-4DDA-A7D0-AE2FEAE204C8}.Release|x64.Build.0 = Release|x64
		{BE9918CF-FF36-4DDA-A7D0-AE2FEAE204C8}.Release|x86.ActiveCfg = Release|Any CPU
		{BE9918CF-FF36-4DDA-A7D0-AE2FEAE204C8}.Release|x86.Build.0 = Release|Any CPU
		{A74D5534-1917-40DB-AEB8-50AC3764E096}.Debug|Any CPU.ActiveCfg = Debug|Any CPU
		{A74D5534-1917-40DB-AEB8-50AC3764E096}.Debug|Any CPU.Build.0 = Debug|Any CPU
		{A74D5534-1917-40DB-AEB8-50AC3764E096}.Debug|x64.ActiveCfg = Debug|Any CPU
		{A74D5534-1917-40DB-AEB8-50AC3764E096}.Debug|x64.Build.0 = Debug|Any CPU
		{A74D5534-1917-40DB-AEB8-50AC3764E096}.Debug|x86.ActiveCfg = Debug|Any CPU
		{A74D5534-1917-40DB-AEB8-50AC3764E096}.Debug|x86.Build.0 = Debug|Any CPU
		{A74D5534-1917-40DB-AEB8-50AC3764E096}.Release|Any CPU.ActiveCfg = Release|Any CPU
		{A74D5534-1917-40DB-AEB8-50AC3764E096}.Release|Any CPU.Build.0 = Release|Any CPU
		{A74D5534-1917-40DB-AEB8-50AC3764E096}.Release|x64.ActiveCfg = Release|Any CPU
		{A74D5534-1917-40DB-AEB8-50AC3764E096}.Release|x64.Build.0 = Release|Any CPU
		{A74D5534-1917-40DB-AEB8-50AC3764E096}.Release|x86.ActiveCfg = Release|Any CPU
		{A74D5534-1917-40DB-AEB8-50AC3764E096}.Release|x86.Build.0 = Release|Any CPU
		{28E684DF-1A53-4538-80B4-C1F96CC82D66}.Debug|Any CPU.ActiveCfg = Debug|Any CPU
		{28E684DF-1A53-4538-80B4-C1F96CC82D66}.Debug|Any CPU.Build.0 = Debug|Any CPU
		{28E684DF-1A53-4538-80B4-C1F96CC82D66}.Debug|x64.ActiveCfg = Debug|Any CPU
		{28E684DF-1A53-4538-80B4-C1F96CC82D66}.Debug|x64.Build.0 = Debug|Any CPU
		{28E684DF-1A53-4538-80B4-C1F96CC82D66}.Debug|x86.ActiveCfg = Debug|Any CPU
		{28E684DF-1A53-4538-80B4-C1F96CC82D66}.Debug|x86.Build.0 = Debug|Any CPU
		{28E684DF-1A53-4538-80B4-C1F96CC82D66}.Release|Any CPU.ActiveCfg = Release|Any CPU
		{28E684DF-1A53-4538-80B4-C1F96CC82D66}.Release|Any CPU.Build.0 = Release|Any CPU
		{28E684DF-1A53-4538-80B4-C1F96CC82D66}.Release|x64.ActiveCfg = Release|Any CPU
		{28E684DF-1A53-4538-80B4-C1F96CC82D66}.Release|x64.Build.0 = Release|Any CPU
		{28E684DF-1A53-4538-80B4-C1F96CC82D66}.Release|x86.ActiveCfg = Release|Any CPU
		{28E684DF-1A53-4538-80B4-C1F96CC82D66}.Release|x86.Build.0 = Release|Any CPU
		{3E7F9436-9E01-4B3A-865A-AF0EBE630099}.Debug|Any CPU.ActiveCfg = Debug|Any CPU
		{3E7F9436-9E01-4B3A-865A-AF0EBE630099}.Debug|Any CPU.Build.0 = Debug|Any CPU
		{3E7F9436-9E01-4B3A-865A-AF0EBE630099}.Debug|x64.ActiveCfg = Debug|Any CPU
		{3E7F9436-9E01-4B3A-865A-AF0EBE630099}.Debug|x64.Build.0 = Debug|Any CPU
		{3E7F9436-9E01-4B3A-865A-AF0EBE630099}.Debug|x86.ActiveCfg = Debug|Any CPU
		{3E7F9436-9E01-4B3A-865A-AF0EBE630099}.Debug|x86.Build.0 = Debug|Any CPU
		{3E7F9436-9E01-4B3A-865A-AF0EBE630099}.Release|Any CPU.ActiveCfg = Release|Any CPU
		{3E7F9436-9E01-4B3A-865A-AF0EBE630099}.Release|Any CPU.Build.0 = Release|Any CPU
		{3E7F9436-9E01-4B3A-865A-AF0EBE630099}.Release|x64.ActiveCfg = Release|Any CPU
		{3E7F9436-9E01-4B3A-865A-AF0EBE630099}.Release|x64.Build.0 = Release|Any CPU
		{3E7F9436-9E01-4B3A-865A-AF0EBE630099}.Release|x86.ActiveCfg = Release|Any CPU
		{3E7F9436-9E01-4B3A-865A-AF0EBE630099}.Release|x86.Build.0 = Release|Any CPU
	EndGlobalSection
	GlobalSection(SolutionProperties) = preSolution
		HideSolutionNode = FALSE
	EndGlobalSection
	GlobalSection(NestedProjects) = preSolution
		{313161D4-A305-47FB-8935-D7C0A0CF4B3D} = {574B94A2-ECAB-4CE8-A86F-1C2FE2B1DCC6}
		{DFD6CB8D-D1FD-4712-8C4E-C611BBE12D08} = {574B94A2-ECAB-4CE8-A86F-1C2FE2B1DCC6}
		{D420804D-CABE-4221-93F1-E67F7526E331} = {574B94A2-ECAB-4CE8-A86F-1C2FE2B1DCC6}
		{2BC89F9D-8FC7-4E19-9D16-CC66E56E56AE} = {574B94A2-ECAB-4CE8-A86F-1C2FE2B1DCC6}
		{F13C082C-54A5-411C-A3BC-29315D7FD786} = {C3386F66-F346-445B-97B9-F99EAB3A49DC}
		{DA1FEC99-B530-4BF4-817E-A1C332F9C7B7} = {C3386F66-F346-445B-97B9-F99EAB3A49DC}
		{2D9C09CF-A6E0-4CC2-93D0-68AE6CA43B0A} = {E42CFF92-DBBE-425F-B5FE-9EBE45028D64}
		{12F66392-C6BD-483A-8708-2B7C472A04A5} = {E42CFF92-DBBE-425F-B5FE-9EBE45028D64}
		{A605A8DF-272C-4989-9BF6-E438FB895D78} = {1B2EB7D9-3EEC-4B4A-BC08-FD4BD0561E5D}
		{2BB15E13-3B72-4759-93AF-02735582C5F8} = {1B2EB7D9-3EEC-4B4A-BC08-FD4BD0561E5D}
		{C4DE02E5-EAF6-4EFE-A8AD-867C06A580A8} = {C663D9E5-CC42-477E-87DD-BCB1D1C7C71F}
		{3E119445-C804-46A4-95F7-39DE26793CA3} = {C0009D2D-D675-4476-AF6C-F59A1E60B366}
		{3881CF3E-83BB-426B-897A-4597E9AB92B4} = {C0009D2D-D675-4476-AF6C-F59A1E60B366}
		{D6A6AA33-F0A0-4311-86C2-518FC25C94E7} = {C0009D2D-D675-4476-AF6C-F59A1E60B366}
		{E6D9CC88-0F5D-41EA-87D2-239D94F794ED} = {C0009D2D-D675-4476-AF6C-F59A1E60B366}
		{8A2102DE-6DD2-477F-ADAE-51FC3BB19C7D} = {C0009D2D-D675-4476-AF6C-F59A1E60B366}
		{BE9918CF-FF36-4DDA-A7D0-AE2FEAE204C8} = {8CA89279-4505-4157-8333-7BA66BE5CD55}
		{A74D5534-1917-40DB-AEB8-50AC3764E096} = {E42CFF92-DBBE-425F-B5FE-9EBE45028D64}
		{28E684DF-1A53-4538-80B4-C1F96CC82D66} = {C3386F66-F346-445B-97B9-F99EAB3A49DC}
		{3E7F9436-9E01-4B3A-865A-AF0EBE630099} = {B43C3F47-4CB4-4034-BD09-1A287876DDD4}
	EndGlobalSection
	GlobalSection(ExtensibilityGlobals) = postSolution
		SolutionGuid = {D76A61D6-AF5A-4717-9128-A3189C7723F4}
	EndGlobalSection
EndGlobal
