
Microsoft Visual Studio Solution File, Format Version 12.00
# Visual Studio 15
VisualStudioVersion = 15.0.27703.2042
MinimumVisualStudioVersion = 10.0.40219.1
Project("{2150E333-8FDC-42A3-9474-1A3956D46DE8}") = "TengDa", "TengDa", "{574B94A2-ECAB-4CE8-A86F-1C2FE2B1DCC6}"
EndProject
Project("{FAE04EC0-301F-11D3-BF4B-00C04F79EFBC}") = "TengDa", "TengDa\TengDa\TengDa.csproj", "{313161D4-A305-47FB-8935-D7C0A0CF4B3D}"
EndProject
Project("{FAE04EC0-301F-11D3-BF4B-00C04F79EFBC}") = "TengDa.WF", "TengDa\TengDa.WF\TengDa.WF.csproj", "{DFD6CB8D-D1FD-4712-8C4E-C611BBE12D08}"
EndProject
Project("{FAE04EC0-301F-11D3-BF4B-00C04F79EFBC}") = "TengDa.WF.Controls", "TengDa\TengDa.WF.Controls\TengDa.WF.Controls.csproj", "{D420804D-CABE-4221-93F1-E67F7526E331}"
EndProject
Project("{FAE04EC0-301F-11D3-BF4B-00C04F79EFBC}") = "TengDa.Wpf", "TengDa\TengDa.Wpf\TengDa.Wpf.csproj", "{2BC89F9D-8FC7-4E19-9D16-CC66E56E56AE}"
EndProject
Project("{2150E333-8FDC-42A3-9474-1A3956D46DE8}") = "Outstanding", "Outstanding", "{C3386F66-F346-445B-97B9-F99EAB3A49DC}"
EndProject
Project("{FAE04EC0-301F-11D3-BF4B-00C04F79EFBC}") = "Outstanding.Dispatcher", "Outstanding\Outstanding.Dispatcher\Outstanding.Dispatcher.csproj", "{F13C082C-54A5-411C-A3BC-29315D7FD786}"
EndProject
Project("{FAE04EC0-301F-11D3-BF4B-00C04F79EFBC}") = "Outstanding.Dispatcher.App", "Outstanding\Outstanding.Dispatcher.App\Outstanding.Dispatcher.App.csproj", "{DA1FEC99-B530-4BF4-817E-A1C332F9C7B7}"
EndProject
Project("{2150E333-8FDC-42A3-9474-1A3956D46DE8}") = "TengDa.Helper", "TengDa.Helper", "{E42CFF92-DBBE-425F-B5FE-9EBE45028D64}"
EndProject
Project("{FAE04EC0-301F-11D3-BF4B-00C04F79EFBC}") = "TengDa.Helper.Scaner", "TengDa\TengDa.Helper\TengDa.Helper.Scaner\TengDa.Helper.Scaner.csproj", "{2D9C09CF-A6E0-4CC2-93D0-68AE6CA43B0A}"
EndProject
Project("{FAE04EC0-301F-11D3-BF4B-00C04F79EFBC}") = "TengDa.Helper.TcpServer", "TengDa\TengDa.Helper\TengDa.Helper.TcpServer\TengDa.Helper.TcpServer.csproj", "{12F66392-C6BD-483A-8708-2B7C472A04A5}"
EndProject
Project("{2150E333-8FDC-42A3-9474-1A3956D46DE8}") = "Veken", "Veken", "{1B2EB7D9-3EEC-4B4A-BC08-FD4BD0561E5D}"
EndProject
Project("{FAE04EC0-301F-11D3-BF4B-00C04F79EFBC}") = "Veken.Baking", "Veken\Veken.Baking\Veken.Baking.csproj", "{A605A8DF-272C-4989-9BF6-E438FB895D78}"
EndProject
Project("{FAE04EC0-301F-11D3-BF4B-00C04F79EFBC}") = "Veken.Baking.App", "Veken\Veken.Baking.App\Veken.Baking.App.csproj", "{2BB15E13-3B72-4759-93AF-02735582C5F8}"
EndProject
Global
	GlobalSection(SolutionConfigurationPlatforms) = preSolution
		Debug|Any CPU = Debug|Any CPU
		Release|Any CPU = Release|Any CPU
	EndGlobalSection
	GlobalSection(ProjectConfigurationPlatforms) = postSolution
		{313161D4-A305-47FB-8935-D7C0A0CF4B3D}.Debug|Any CPU.ActiveCfg = Debug|Any CPU
		{313161D4-A305-47FB-8935-D7C0A0CF4B3D}.Debug|Any CPU.Build.0 = Debug|Any CPU
		{313161D4-A305-47FB-8935-D7C0A0CF4B3D}.Release|Any CPU.ActiveCfg = Release|Any CPU
		{313161D4-A305-47FB-8935-D7C0A0CF4B3D}.Release|Any CPU.Build.0 = Release|Any CPU
		{DFD6CB8D-D1FD-4712-8C4E-C611BBE12D08}.Debug|Any CPU.ActiveCfg = Debug|Any CPU
		{DFD6CB8D-D1FD-4712-8C4E-C611BBE12D08}.Debug|Any CPU.Build.0 = Debug|Any CPU
		{DFD6CB8D-D1FD-4712-8C4E-C611BBE12D08}.Release|Any CPU.ActiveCfg = Release|Any CPU
		{DFD6CB8D-D1FD-4712-8C4E-C611BBE12D08}.Release|Any CPU.Build.0 = Release|Any CPU
		{D420804D-CABE-4221-93F1-E67F7526E331}.Debug|Any CPU.ActiveCfg = Debug|Any CPU
		{D420804D-CABE-4221-93F1-E67F7526E331}.Debug|Any CPU.Build.0 = Debug|Any CPU
		{D420804D-CABE-4221-93F1-E67F7526E331}.Release|Any CPU.ActiveCfg = Release|Any CPU
		{D420804D-CABE-4221-93F1-E67F7526E331}.Release|Any CPU.Build.0 = Release|Any CPU
		{2BC89F9D-8FC7-4E19-9D16-CC66E56E56AE}.Debug|Any CPU.ActiveCfg = Debug|Any CPU
		{2BC89F9D-8FC7-4E19-9D16-CC66E56E56AE}.Debug|Any CPU.Build.0 = Debug|Any CPU
		{2BC89F9D-8FC7-4E19-9D16-CC66E56E56AE}.Release|Any CPU.ActiveCfg = Release|Any CPU
		{2BC89F9D-8FC7-4E19-9D16-CC66E56E56AE}.Release|Any CPU.Build.0 = Release|Any CPU
		{F13C082C-54A5-411C-A3BC-29315D7FD786}.Debug|Any CPU.ActiveCfg = Debug|Any CPU
		{F13C082C-54A5-411C-A3BC-29315D7FD786}.Debug|Any CPU.Build.0 = Debug|Any CPU
		{F13C082C-54A5-411C-A3BC-29315D7FD786}.Release|Any CPU.ActiveCfg = Release|Any CPU
		{F13C082C-54A5-411C-A3BC-29315D7FD786}.Release|Any CPU.Build.0 = Release|Any CPU
		{DA1FEC99-B530-4BF4-817E-A1C332F9C7B7}.Debug|Any CPU.ActiveCfg = Debug|Any CPU
		{DA1FEC99-B530-4BF4-817E-A1C332F9C7B7}.Debug|Any CPU.Build.0 = Debug|Any CPU
		{DA1FEC99-B530-4BF4-817E-A1C332F9C7B7}.Release|Any CPU.ActiveCfg = Release|Any CPU
		{DA1FEC99-B530-4BF4-817E-A1C332F9C7B7}.Release|Any CPU.Build.0 = Release|Any CPU
		{2D9C09CF-A6E0-4CC2-93D0-68AE6CA43B0A}.Debug|Any CPU.ActiveCfg = Debug|Any CPU
		{2D9C09CF-A6E0-4CC2-93D0-68AE6CA43B0A}.Debug|Any CPU.Build.0 = Debug|Any CPU
		{2D9C09CF-A6E0-4CC2-93D0-68AE6CA43B0A}.Release|Any CPU.ActiveCfg = Release|Any CPU
		{2D9C09CF-A6E0-4CC2-93D0-68AE6CA43B0A}.Release|Any CPU.Build.0 = Release|Any CPU
		{12F66392-C6BD-483A-8708-2B7C472A04A5}.Debug|Any CPU.ActiveCfg = Debug|Any CPU
		{12F66392-C6BD-483A-8708-2B7C472A04A5}.Debug|Any CPU.Build.0 = Debug|Any CPU
		{12F66392-C6BD-483A-8708-2B7C472A04A5}.Release|Any CPU.ActiveCfg = Release|Any CPU
		{12F66392-C6BD-483A-8708-2B7C472A04A5}.Release|Any CPU.Build.0 = Release|Any CPU
		{A605A8DF-272C-4989-9BF6-E438FB895D78}.Debug|Any CPU.ActiveCfg = Debug|Any CPU
		{A605A8DF-272C-4989-9BF6-E438FB895D78}.Debug|Any CPU.Build.0 = Debug|Any CPU
		{A605A8DF-272C-4989-9BF6-E438FB895D78}.Release|Any CPU.ActiveCfg = Release|Any CPU
		{A605A8DF-272C-4989-9BF6-E438FB895D78}.Release|Any CPU.Build.0 = Release|Any CPU
		{2BB15E13-3B72-4759-93AF-02735582C5F8}.Debug|Any CPU.ActiveCfg = Debug|Any CPU
		{2BB15E13-3B72-4759-93AF-02735582C5F8}.Debug|Any CPU.Build.0 = Debug|Any CPU
		{2BB15E13-3B72-4759-93AF-02735582C5F8}.Release|Any CPU.ActiveCfg = Release|Any CPU
		{2BB15E13-3B72-4759-93AF-02735582C5F8}.Release|Any CPU.Build.0 = Release|Any CPU
	EndGlobalSection
	GlobalSection(SolutionProperties) = preSolution
		HideSolutionNode = FALSE
	EndGlobalSection
	GlobalSection(NestedProjects) = preSolution
		{313161D4-A305-47FB-8935-D7C0A0CF4B3D} = {574B94A2-ECAB-4CE8-A86F-1C2FE2B1DCC6}
		{DFD6CB8D-D1FD-4712-8C4E-C611BBE12D08} = {574B94A2-ECAB-4CE8-A86F-1C2FE2B1DCC6}
		{D420804D-CABE-4221-93F1-E67F7526E331} = {574B94A2-ECAB-4CE8-A86F-1C2FE2B1DCC6}
		{2BC89F9D-8FC7-4E19-9D16-CC66E56E56AE} = {574B94A2-ECAB-4CE8-A86F-1C2FE2B1DCC6}
		{F13C082C-54A5-411C-A3BC-29315D7FD786} = {C3386F66-F346-445B-97B9-F99EAB3A49DC}
		{DA1FEC99-B530-4BF4-817E-A1C332F9C7B7} = {C3386F66-F346-445B-97B9-F99EAB3A49DC}
		{2D9C09CF-A6E0-4CC2-93D0-68AE6CA43B0A} = {E42CFF92-DBBE-425F-B5FE-9EBE45028D64}
		{12F66392-C6BD-483A-8708-2B7C472A04A5} = {E42CFF92-DBBE-425F-B5FE-9EBE45028D64}
		{A605A8DF-272C-4989-9BF6-E438FB895D78} = {1B2EB7D9-3EEC-4B4A-BC08-FD4BD0561E5D}
		{2BB15E13-3B72-4759-93AF-02735582C5F8} = {1B2EB7D9-3EEC-4B4A-BC08-FD4BD0561E5D}
	EndGlobalSection
	GlobalSection(ExtensibilityGlobals) = postSolution
		SolutionGuid = {D76A61D6-AF5A-4717-9128-A3189C7723F4}
	EndGlobalSection
EndGlobal
